// !$*UTF8*$!
{
	archiveVersion = 1;
	classes = {
	};
	objectVersion = 53;
	objects = {

/* Begin PBXBuildFile section */
		224ADF09746382D7F55089D0 /* Pods_SpaceNewsApp.framework in Frameworks */ = {isa = PBXBuildFile; fileRef = 3D93E571586DBA55D5728DA3 /* Pods_SpaceNewsApp.framework */; };
		4D6642FFA239C0435023ACF6 /* Pods_SpaceNewsAppTests.framework in Frameworks */ = {isa = PBXBuildFile; fileRef = F1347A9BD53E63B04F8D576F /* Pods_SpaceNewsAppTests.framework */; };
		C11784FD27F85AAF008CB321 /* ARViewController.swift in Sources */ = {isa = PBXBuildFile; fileRef = C11784FC27F85AAF008CB321 /* ARViewController.swift */; };
		C11784FF27F85ACE008CB321 /* ARViewModel.swift in Sources */ = {isa = PBXBuildFile; fileRef = C11784FE27F85ACE008CB321 /* ARViewModel.swift */; };
		C117850127F85AF1008CB321 /* CoordinateConverter.swift in Sources */ = {isa = PBXBuildFile; fileRef = C117850027F85AF1008CB321 /* CoordinateConverter.swift */; };
		C117850327F85B09008CB321 /* SatelliteInfoViewController.swift in Sources */ = {isa = PBXBuildFile; fileRef = C117850227F85B09008CB321 /* SatelliteInfoViewController.swift */; };
		C117850527F85B2B008CB321 /* SpaceXSatilliteModel.swift in Sources */ = {isa = PBXBuildFile; fileRef = C117850427F85B2B008CB321 /* SpaceXSatilliteModel.swift */; };
		C117850727F85B44008CB321 /* StarlinkHttpService.swift in Sources */ = {isa = PBXBuildFile; fileRef = C117850627F85B44008CB321 /* StarlinkHttpService.swift */; };
		C117850A27F85EBF008CB321 /* ARNavController.swift in Sources */ = {isa = PBXBuildFile; fileRef = C117850927F85EBF008CB321 /* ARNavController.swift */; };
		C117850C27F86445008CB321 /* ARSideBarViewController.swift in Sources */ = {isa = PBXBuildFile; fileRef = C117850B27F86445008CB321 /* ARSideBarViewController.swift */; };
		C117850E27F87860008CB321 /* SideBarView.swift in Sources */ = {isa = PBXBuildFile; fileRef = C117850D27F87860008CB321 /* SideBarView.swift */; };
		C134923E279AD9D600948C04 /* AppDelegate.swift in Sources */ = {isa = PBXBuildFile; fileRef = C134923D279AD9D600948C04 /* AppDelegate.swift */; };
		C1349240279AD9D600948C04 /* SceneDelegate.swift in Sources */ = {isa = PBXBuildFile; fileRef = C134923F279AD9D600948C04 /* SceneDelegate.swift */; };
		C1349248279AD9D600948C04 /* SpaceNewsApp.xcdatamodeld in Sources */ = {isa = PBXBuildFile; fileRef = C1349246279AD9D600948C04 /* SpaceNewsApp.xcdatamodeld */; };
		C134924A279AD9D700948C04 /* Assets.xcassets in Resources */ = {isa = PBXBuildFile; fileRef = C1349249279AD9D700948C04 /* Assets.xcassets */; };
		C134924D279AD9D700948C04 /* LaunchScreen.storyboard in Resources */ = {isa = PBXBuildFile; fileRef = C134924B279AD9D700948C04 /* LaunchScreen.storyboard */; };
		C1349258279AD9D700948C04 /* CoordinateConverterTest.swift in Sources */ = {isa = PBXBuildFile; fileRef = C1349257279AD9D700948C04 /* CoordinateConverterTest.swift */; };
		C1349262279AD9D700948C04 /* SpaceNewsAppUITests.swift in Sources */ = {isa = PBXBuildFile; fileRef = C1349261279AD9D700948C04 /* SpaceNewsAppUITests.swift */; };
		C1349264279AD9D700948C04 /* SpaceNewsAppUITestsLaunchTests.swift in Sources */ = {isa = PBXBuildFile; fileRef = C1349263279AD9D700948C04 /* SpaceNewsAppUITestsLaunchTests.swift */; };
		C1349271279ADCB300948C04 /* BaseTabBarController.swift in Sources */ = {isa = PBXBuildFile; fileRef = C1349270279ADCB300948C04 /* BaseTabBarController.swift */; };
		C1349273279ADCE800948C04 /* MapNavController.swift in Sources */ = {isa = PBXBuildFile; fileRef = C1349272279ADCE800948C04 /* MapNavController.swift */; };
		C1349275279ADD0500948C04 /* MapViewController.swift in Sources */ = {isa = PBXBuildFile; fileRef = C1349274279ADD0500948C04 /* MapViewController.swift */; };
		C134927B279ADD6C00948C04 /* LaunchView.swift in Sources */ = {isa = PBXBuildFile; fileRef = C134927A279ADD6C00948C04 /* LaunchView.swift */; };
		C134927D279ADD8800948C04 /* TemplateOnboardingView.swift in Sources */ = {isa = PBXBuildFile; fileRef = C134927C279ADD8800948C04 /* TemplateOnboardingView.swift */; };
		C134927F279ADD9E00948C04 /* PageViewController.swift in Sources */ = {isa = PBXBuildFile; fileRef = C134927E279ADD9E00948C04 /* PageViewController.swift */; };
		C1349281279ADDAD00948C04 /* PageControl.swift in Sources */ = {isa = PBXBuildFile; fileRef = C1349280279ADDAD00948C04 /* PageControl.swift */; };
		C1349283279ADDBD00948C04 /* OnBoardigView.swift in Sources */ = {isa = PBXBuildFile; fileRef = C1349282279ADDBD00948C04 /* OnBoardigView.swift */; };
		C148E79927D0D3BC000297D4 /* VideoCell.swift in Sources */ = {isa = PBXBuildFile; fileRef = C148E79827D0D3BC000297D4 /* VideoCell.swift */; };
		C148E79B27D0D5FF000297D4 /* VideoViewControllerExtention.swift in Sources */ = {isa = PBXBuildFile; fileRef = C148E79A27D0D5FF000297D4 /* VideoViewControllerExtention.swift */; };
		C148E79D27D0D9D1000297D4 /* BreakingVideoViewController.swift in Sources */ = {isa = PBXBuildFile; fileRef = C148E79C27D0D9D1000297D4 /* BreakingVideoViewController.swift */; };
		C14F9AE127CBAA6000CBDDD9 /* VideoModel.swift in Sources */ = {isa = PBXBuildFile; fileRef = C14F9AE027CBAA6000CBDDD9 /* VideoModel.swift */; };
		C14F9AEA27CE18E800CBDDD9 /* Colors.swift in Sources */ = {isa = PBXBuildFile; fileRef = C14F9AE927CE18E800CBDDD9 /* Colors.swift */; };
		C151DCAA27D8919500DD5D3D /* FavoriteNewsViewController.swift in Sources */ = {isa = PBXBuildFile; fileRef = C151DCA927D8919500DD5D3D /* FavoriteNewsViewController.swift */; };
		C151DCAD27D892B500DD5D3D /* FavoriteNewsView.swift in Sources */ = {isa = PBXBuildFile; fileRef = C151DCAC27D892B500DD5D3D /* FavoriteNewsView.swift */; };
		C151DCAF27D893CE00DD5D3D /* FavoriteNewsCell.swift in Sources */ = {isa = PBXBuildFile; fileRef = C151DCAE27D893CE00DD5D3D /* FavoriteNewsCell.swift */; };
		C151DCB127D8970600DD5D3D /* DetailButtonView.swift in Sources */ = {isa = PBXBuildFile; fileRef = C151DCB027D8970600DD5D3D /* DetailButtonView.swift */; };
		C151DCB327D89A1300DD5D3D /* DetailButtonViewDelegate.swift in Sources */ = {isa = PBXBuildFile; fileRef = C151DCB227D89A1300DD5D3D /* DetailButtonViewDelegate.swift */; };
		C1528F7227B518DD000A4F0C /* BreakingNewsViewModel.swift in Sources */ = {isa = PBXBuildFile; fileRef = C1528F7127B518DD000A4F0C /* BreakingNewsViewModel.swift */; };
		C1707C4827A6D9D700D1D385 /* MapView.swift in Sources */ = {isa = PBXBuildFile; fileRef = C1707C4727A6D9D700D1D385 /* MapView.swift */; };
		C1707C4A27A6DB1000D1D385 /* MapViewDelegate.swift in Sources */ = {isa = PBXBuildFile; fileRef = C1707C4927A6DB1000D1D385 /* MapViewDelegate.swift */; };
		C1707C4C27A6DD2800D1D385 /* MapViewControllerExtension.swift in Sources */ = {isa = PBXBuildFile; fileRef = C1707C4B27A6DD2800D1D385 /* MapViewControllerExtension.swift */; };
		C1707C4E27A6E7E200D1D385 /* MapSearchTable.swift in Sources */ = {isa = PBXBuildFile; fileRef = C1707C4D27A6E7E200D1D385 /* MapSearchTable.swift */; };
		C17CF5D927EB3D7E00206838 /* CurrentCityServerModel.swift in Sources */ = {isa = PBXBuildFile; fileRef = C17CF5D827EB3D7E00206838 /* CurrentCityServerModel.swift */; };
		C185C96C27B3F5D9006D10B2 /* ImageCacheService.swift in Sources */ = {isa = PBXBuildFile; fileRef = C185C96B27B3F5D9006D10B2 /* ImageCacheService.swift */; };
		C185C96E27B40745006D10B2 /* NewsModel.swift in Sources */ = {isa = PBXBuildFile; fileRef = C185C96D27B40745006D10B2 /* NewsModel.swift */; };
		C1A0D0C027C908D000BD49A6 /* VideoNavController.swift in Sources */ = {isa = PBXBuildFile; fileRef = C1A0D0BF27C908D000BD49A6 /* VideoNavController.swift */; };
		C1A0D0C227C908E900BD49A6 /* VideoViewController.swift in Sources */ = {isa = PBXBuildFile; fileRef = C1A0D0C127C908E900BD49A6 /* VideoViewController.swift */; };
		C1B4AB0D27A9A0DC0089F25F /* NewsNavController.swift in Sources */ = {isa = PBXBuildFile; fileRef = C1B4AB0C27A9A0DC0089F25F /* NewsNavController.swift */; };
		C1B4AB0F27A9A10A0089F25F /* NewsViewController.swift in Sources */ = {isa = PBXBuildFile; fileRef = C1B4AB0E27A9A10A0089F25F /* NewsViewController.swift */; };
		C1B4AB1127A9A2110089F25F /* NewsTableView.swift in Sources */ = {isa = PBXBuildFile; fileRef = C1B4AB1027A9A2110089F25F /* NewsTableView.swift */; };
		C1B4AB1327A9A76A0089F25F /* NewsViewControllerExtension.swift in Sources */ = {isa = PBXBuildFile; fileRef = C1B4AB1227A9A76A0089F25F /* NewsViewControllerExtension.swift */; };
		C1C39C6B27D4AC1900DB8DA3 /* BreakingVideoView.swift in Sources */ = {isa = PBXBuildFile; fileRef = C1C39C6A27D4AC1900DB8DA3 /* BreakingVideoView.swift */; };
		C1C39C6D27D4B3C100DB8DA3 /* RecomendationVideoCell.swift in Sources */ = {isa = PBXBuildFile; fileRef = C1C39C6C27D4B3C100DB8DA3 /* RecomendationVideoCell.swift */; };
		C1C39C6F27D4B93E00DB8DA3 /* BreakingVideoViewControllerExtention.swift in Sources */ = {isa = PBXBuildFile; fileRef = C1C39C6E27D4B93E00DB8DA3 /* BreakingVideoViewControllerExtention.swift */; };
		C1C39C7127D5FE9E00DB8DA3 /* CityInformationView.swift in Sources */ = {isa = PBXBuildFile; fileRef = C1C39C7027D5FE9E00DB8DA3 /* CityInformationView.swift */; };
		C1C39C7427D7533200DB8DA3 /* CityCell.swift in Sources */ = {isa = PBXBuildFile; fileRef = C1C39C7327D7533200DB8DA3 /* CityCell.swift */; };
		C1C39C7627D7558F00DB8DA3 /* CityInformationController.swift in Sources */ = {isa = PBXBuildFile; fileRef = C1C39C7527D7558F00DB8DA3 /* CityInformationController.swift */; };
		C1C39C9E27D77C3900DB8DA3 /* CityInAreaServerModel.swift in Sources */ = {isa = PBXBuildFile; fileRef = C1C39C9D27D77C3900DB8DA3 /* CityInAreaServerModel.swift */; };
		C1D6B14727E27B5700007F4E /* BreakingNewsDelegate.swift in Sources */ = {isa = PBXBuildFile; fileRef = C1D6B14627E27B5700007F4E /* BreakingNewsDelegate.swift */; };
		C1D6B14927E27D6200007F4E /* DetailButtonViewController.swift in Sources */ = {isa = PBXBuildFile; fileRef = C1D6B14827E27D6200007F4E /* DetailButtonViewController.swift */; };
		C1DDED4E27CB91E800EF9166 /* VideoServerModel.swift in Sources */ = {isa = PBXBuildFile; fileRef = C1DDED4D27CB91E800EF9166 /* VideoServerModel.swift */; };
		C1DDED5127CB975200EF9166 /* VideoViewModel.swift in Sources */ = {isa = PBXBuildFile; fileRef = C1DDED5027CB975200EF9166 /* VideoViewModel.swift */; };
		C1DDED5427CB982100EF9166 /* VideosListView.swift in Sources */ = {isa = PBXBuildFile; fileRef = C1DDED5327CB982100EF9166 /* VideosListView.swift */; };
		C1DDED5627CB9D4600EF9166 /* CancellableSetService.swift in Sources */ = {isa = PBXBuildFile; fileRef = C1DDED5527CB9D4600EF9166 /* CancellableSetService.swift */; };
		C1E295C827CF70AB00693FC8 /* NewsCacheService.swift in Sources */ = {isa = PBXBuildFile; fileRef = C1E295C727CF70AB00693FC8 /* NewsCacheService.swift */; };
		C1E295CB27CFBB2C00693FC8 /* CustomUIImageView.swift in Sources */ = {isa = PBXBuildFile; fileRef = C1E295CA27CFBB2C00693FC8 /* CustomUIImageView.swift */; };
		C1E469C927C24737005CEAD2 /* AssemblyLayer.swift in Sources */ = {isa = PBXBuildFile; fileRef = C1E469C827C24737005CEAD2 /* AssemblyLayer.swift */; };
		C1E469CB27C25367005CEAD2 /* CityViewModel.swift in Sources */ = {isa = PBXBuildFile; fileRef = C1E469CA27C25367005CEAD2 /* CityViewModel.swift */; };
		C1E4D87E27AA718C00D70F2A /* NewsTableViewCell.swift in Sources */ = {isa = PBXBuildFile; fileRef = C1E4D87D27AA718C00D70F2A /* NewsTableViewCell.swift */; };
		C1E4D88627AA986E00D70F2A /* NewsViewModel.swift in Sources */ = {isa = PBXBuildFile; fileRef = C1E4D88527AA986E00D70F2A /* NewsViewModel.swift */; };
		C1E4D88A27AA98C800D70F2A /* NewsServerModel.swift in Sources */ = {isa = PBXBuildFile; fileRef = C1E4D88927AA98C800D70F2A /* NewsServerModel.swift */; };
		C1E4D89027AAB01B00D70F2A /* BreakingNewsView.swift in Sources */ = {isa = PBXBuildFile; fileRef = C1E4D88F27AAB01B00D70F2A /* BreakingNewsView.swift */; };
		C1E4D89227AAB02900D70F2A /* BreakingNewsViewController.swift in Sources */ = {isa = PBXBuildFile; fileRef = C1E4D89127AAB02900D70F2A /* BreakingNewsViewController.swift */; };
		C1EAAFA6279DA88D00300FB9 /* Alert.swift in Sources */ = {isa = PBXBuildFile; fileRef = C1EAAFA5279DA88D00300FB9 /* Alert.swift */; };
		C1EAAFA9279DA91400300FB9 /* LocationAlert.swift in Sources */ = {isa = PBXBuildFile; fileRef = C1EAAFA8279DA91400300FB9 /* LocationAlert.swift */; };
		C1F9C18B27DF1FA60079EF13 /* NewsReadingList+CoreDataClass.swift in Sources */ = {isa = PBXBuildFile; fileRef = C1F9C18927DF1FA60079EF13 /* NewsReadingList+CoreDataClass.swift */; };
		C1F9C18C27DF1FA60079EF13 /* NewsReadingList+CoreDataProperties.swift in Sources */ = {isa = PBXBuildFile; fileRef = C1F9C18A27DF1FA60079EF13 /* NewsReadingList+CoreDataProperties.swift */; };
		C1F9C18E27DF1FFB0079EF13 /* DataStoreManager.swift in Sources */ = {isa = PBXBuildFile; fileRef = C1F9C18D27DF1FFB0079EF13 /* DataStoreManager.swift */; };
		C1F9C1A227DF68930079EF13 /* NewsHttpService.swift in Sources */ = {isa = PBXBuildFile; fileRef = C1F9C1A127DF68930079EF13 /* NewsHttpService.swift */; };
		C1F9C1A427DF68B00079EF13 /* VideoHttpService.swift in Sources */ = {isa = PBXBuildFile; fileRef = C1F9C1A327DF68B00079EF13 /* VideoHttpService.swift */; };
		C1F9C1A627DF71810079EF13 /* HttpHelper.swift in Sources */ = {isa = PBXBuildFile; fileRef = C1F9C1A527DF71810079EF13 /* HttpHelper.swift */; };
		C1F9C1A827DF72300079EF13 /* CityHttpService.swift in Sources */ = {isa = PBXBuildFile; fileRef = C1F9C1A727DF72300079EF13 /* CityHttpService.swift */; };
		C1FC8C89280D351900EE2FD8 /* CoreDataTest.swift in Sources */ = {isa = PBXBuildFile; fileRef = C1FC8C88280D351900EE2FD8 /* CoreDataTest.swift */; };
		C1FC8C8C280D3DB200EE2FD8 /* ImageCacheTest.swift in Sources */ = {isa = PBXBuildFile; fileRef = C1FC8C8B280D3DB200EE2FD8 /* ImageCacheTest.swift */; };
		C1FC8C8D280D3DB200EE2FD8 /* ImageCacheTest.swift in Sources */ = {isa = PBXBuildFile; fileRef = C1FC8C8B280D3DB200EE2FD8 /* ImageCacheTest.swift */; };
		C1FC8C8F280D400C00EE2FD8 /* NewsCacheTest.swift in Sources */ = {isa = PBXBuildFile; fileRef = C1FC8C8E280D400C00EE2FD8 /* NewsCacheTest.swift */; };
		C1FC8C90280D400C00EE2FD8 /* NewsCacheTest.swift in Sources */ = {isa = PBXBuildFile; fileRef = C1FC8C8E280D400C00EE2FD8 /* NewsCacheTest.swift */; };
		C1FC8C92280D415600EE2FD8 /* HttpHelperTest.swift in Sources */ = {isa = PBXBuildFile; fileRef = C1FC8C91280D415600EE2FD8 /* HttpHelperTest.swift */; };
		C1FC8C93280D415600EE2FD8 /* HttpHelperTest.swift in Sources */ = {isa = PBXBuildFile; fileRef = C1FC8C91280D415600EE2FD8 /* HttpHelperTest.swift */; };
		C1FC8C95280D4A7900EE2FD8 /* HttpServiceTest.swift in Sources */ = {isa = PBXBuildFile; fileRef = C1FC8C94280D4A7900EE2FD8 /* HttpServiceTest.swift */; };
		E1F4CC558AAC798669256B48 /* Pods_SpaceNewsApp_SpaceNewsAppUITests.framework in Frameworks */ = {isa = PBXBuildFile; fileRef = 32516A9B09FF1A5B607D0286 /* Pods_SpaceNewsApp_SpaceNewsAppUITests.framework */; };
/* End PBXBuildFile section */

/* Begin PBXContainerItemProxy section */
		C1349254279AD9D700948C04 /* PBXContainerItemProxy */ = {
			isa = PBXContainerItemProxy;
			containerPortal = C1349232279AD9D600948C04 /* Project object */;
			proxyType = 1;
			remoteGlobalIDString = C1349239279AD9D600948C04;
			remoteInfo = SpaceNewsApp;
		};
		C134925E279AD9D700948C04 /* PBXContainerItemProxy */ = {
			isa = PBXContainerItemProxy;
			containerPortal = C1349232279AD9D600948C04 /* Project object */;
			proxyType = 1;
			remoteGlobalIDString = C1349239279AD9D600948C04;
			remoteInfo = SpaceNewsApp;
		};
/* End PBXContainerItemProxy section */

/* Begin PBXFileReference section */
		1B7097E977C9397AC50EEF96 /* Pods-SpaceNewsApp-SpaceNewsAppUITests.debug.xcconfig */ = {isa = PBXFileReference; includeInIndex = 1; lastKnownFileType = text.xcconfig; name = "Pods-SpaceNewsApp-SpaceNewsAppUITests.debug.xcconfig"; path = "Target Support Files/Pods-SpaceNewsApp-SpaceNewsAppUITests/Pods-SpaceNewsApp-SpaceNewsAppUITests.debug.xcconfig"; sourceTree = "<group>"; };
		32516A9B09FF1A5B607D0286 /* Pods_SpaceNewsApp_SpaceNewsAppUITests.framework */ = {isa = PBXFileReference; explicitFileType = wrapper.framework; includeInIndex = 0; path = Pods_SpaceNewsApp_SpaceNewsAppUITests.framework; sourceTree = BUILT_PRODUCTS_DIR; };
		3D93E571586DBA55D5728DA3 /* Pods_SpaceNewsApp.framework */ = {isa = PBXFileReference; explicitFileType = wrapper.framework; includeInIndex = 0; path = Pods_SpaceNewsApp.framework; sourceTree = BUILT_PRODUCTS_DIR; };
		67DA8C859FDAF301FB120C49 /* Pods-SpaceNewsAppTests.release.xcconfig */ = {isa = PBXFileReference; includeInIndex = 1; lastKnownFileType = text.xcconfig; name = "Pods-SpaceNewsAppTests.release.xcconfig"; path = "Target Support Files/Pods-SpaceNewsAppTests/Pods-SpaceNewsAppTests.release.xcconfig"; sourceTree = "<group>"; };
		6B13F049440F74065A85AAB0 /* Pods-SpaceNewsApp.debug.xcconfig */ = {isa = PBXFileReference; includeInIndex = 1; lastKnownFileType = text.xcconfig; name = "Pods-SpaceNewsApp.debug.xcconfig"; path = "Target Support Files/Pods-SpaceNewsApp/Pods-SpaceNewsApp.debug.xcconfig"; sourceTree = "<group>"; };
		94EB181804AEB8A0BA520A9C /* Pods-SpaceNewsAppTests.debug.xcconfig */ = {isa = PBXFileReference; includeInIndex = 1; lastKnownFileType = text.xcconfig; name = "Pods-SpaceNewsAppTests.debug.xcconfig"; path = "Target Support Files/Pods-SpaceNewsAppTests/Pods-SpaceNewsAppTests.debug.xcconfig"; sourceTree = "<group>"; };
		A48629C9D0FE03744A496B6C /* Pods-SpaceNewsApp-SpaceNewsAppUITests.release.xcconfig */ = {isa = PBXFileReference; includeInIndex = 1; lastKnownFileType = text.xcconfig; name = "Pods-SpaceNewsApp-SpaceNewsAppUITests.release.xcconfig"; path = "Target Support Files/Pods-SpaceNewsApp-SpaceNewsAppUITests/Pods-SpaceNewsApp-SpaceNewsAppUITests.release.xcconfig"; sourceTree = "<group>"; };
		C11784FC27F85AAF008CB321 /* ARViewController.swift */ = {isa = PBXFileReference; lastKnownFileType = sourcecode.swift; path = ARViewController.swift; sourceTree = "<group>"; };
		C11784FE27F85ACE008CB321 /* ARViewModel.swift */ = {isa = PBXFileReference; lastKnownFileType = sourcecode.swift; path = ARViewModel.swift; sourceTree = "<group>"; };
		C117850027F85AF1008CB321 /* CoordinateConverter.swift */ = {isa = PBXFileReference; lastKnownFileType = sourcecode.swift; path = CoordinateConverter.swift; sourceTree = "<group>"; };
		C117850227F85B09008CB321 /* SatelliteInfoViewController.swift */ = {isa = PBXFileReference; lastKnownFileType = sourcecode.swift; path = SatelliteInfoViewController.swift; sourceTree = "<group>"; };
		C117850427F85B2B008CB321 /* SpaceXSatilliteModel.swift */ = {isa = PBXFileReference; lastKnownFileType = sourcecode.swift; path = SpaceXSatilliteModel.swift; sourceTree = "<group>"; };
		C117850627F85B44008CB321 /* StarlinkHttpService.swift */ = {isa = PBXFileReference; lastKnownFileType = sourcecode.swift; path = StarlinkHttpService.swift; sourceTree = "<group>"; };
		C117850927F85EBF008CB321 /* ARNavController.swift */ = {isa = PBXFileReference; lastKnownFileType = sourcecode.swift; path = ARNavController.swift; sourceTree = "<group>"; };
		C117850B27F86445008CB321 /* ARSideBarViewController.swift */ = {isa = PBXFileReference; lastKnownFileType = sourcecode.swift; path = ARSideBarViewController.swift; sourceTree = "<group>"; };
		C117850D27F87860008CB321 /* SideBarView.swift */ = {isa = PBXFileReference; lastKnownFileType = sourcecode.swift; path = SideBarView.swift; sourceTree = "<group>"; };
		C134923A279AD9D600948C04 /* SpaceNewsApp.app */ = {isa = PBXFileReference; explicitFileType = wrapper.application; includeInIndex = 0; path = SpaceNewsApp.app; sourceTree = BUILT_PRODUCTS_DIR; };
		C134923D279AD9D600948C04 /* AppDelegate.swift */ = {isa = PBXFileReference; lastKnownFileType = sourcecode.swift; path = AppDelegate.swift; sourceTree = "<group>"; };
		C134923F279AD9D600948C04 /* SceneDelegate.swift */ = {isa = PBXFileReference; lastKnownFileType = sourcecode.swift; path = SceneDelegate.swift; sourceTree = "<group>"; };
		C1349247279AD9D600948C04 /* SpaceNewsApp.xcdatamodel */ = {isa = PBXFileReference; lastKnownFileType = wrapper.xcdatamodel; path = SpaceNewsApp.xcdatamodel; sourceTree = "<group>"; };
		C1349249279AD9D700948C04 /* Assets.xcassets */ = {isa = PBXFileReference; lastKnownFileType = folder.assetcatalog; path = Assets.xcassets; sourceTree = "<group>"; };
		C134924C279AD9D700948C04 /* Base */ = {isa = PBXFileReference; lastKnownFileType = file.storyboard; name = Base; path = Base.lproj/LaunchScreen.storyboard; sourceTree = "<group>"; };
		C134924E279AD9D700948C04 /* Info.plist */ = {isa = PBXFileReference; lastKnownFileType = text.plist.xml; path = Info.plist; sourceTree = "<group>"; };
		C1349253279AD9D700948C04 /* SpaceNewsAppTests.xctest */ = {isa = PBXFileReference; explicitFileType = wrapper.cfbundle; includeInIndex = 0; path = SpaceNewsAppTests.xctest; sourceTree = BUILT_PRODUCTS_DIR; };
		C1349257279AD9D700948C04 /* CoordinateConverterTest.swift */ = {isa = PBXFileReference; lastKnownFileType = sourcecode.swift; path = CoordinateConverterTest.swift; sourceTree = "<group>"; };
		C134925D279AD9D700948C04 /* SpaceNewsAppUITests.xctest */ = {isa = PBXFileReference; explicitFileType = wrapper.cfbundle; includeInIndex = 0; path = SpaceNewsAppUITests.xctest; sourceTree = BUILT_PRODUCTS_DIR; };
		C1349261279AD9D700948C04 /* SpaceNewsAppUITests.swift */ = {isa = PBXFileReference; lastKnownFileType = sourcecode.swift; path = SpaceNewsAppUITests.swift; sourceTree = "<group>"; };
		C1349263279AD9D700948C04 /* SpaceNewsAppUITestsLaunchTests.swift */ = {isa = PBXFileReference; lastKnownFileType = sourcecode.swift; path = SpaceNewsAppUITestsLaunchTests.swift; sourceTree = "<group>"; };
		C1349270279ADCB300948C04 /* BaseTabBarController.swift */ = {isa = PBXFileReference; lastKnownFileType = sourcecode.swift; path = BaseTabBarController.swift; sourceTree = "<group>"; };
		C1349272279ADCE800948C04 /* MapNavController.swift */ = {isa = PBXFileReference; lastKnownFileType = sourcecode.swift; path = MapNavController.swift; sourceTree = "<group>"; };
		C1349274279ADD0500948C04 /* MapViewController.swift */ = {isa = PBXFileReference; lastKnownFileType = sourcecode.swift; path = MapViewController.swift; sourceTree = "<group>"; };
		C134927A279ADD6C00948C04 /* LaunchView.swift */ = {isa = PBXFileReference; lastKnownFileType = sourcecode.swift; path = LaunchView.swift; sourceTree = "<group>"; };
		C134927C279ADD8800948C04 /* TemplateOnboardingView.swift */ = {isa = PBXFileReference; lastKnownFileType = sourcecode.swift; path = TemplateOnboardingView.swift; sourceTree = "<group>"; };
		C134927E279ADD9E00948C04 /* PageViewController.swift */ = {isa = PBXFileReference; lastKnownFileType = sourcecode.swift; path = PageViewController.swift; sourceTree = "<group>"; };
		C1349280279ADDAD00948C04 /* PageControl.swift */ = {isa = PBXFileReference; lastKnownFileType = sourcecode.swift; path = PageControl.swift; sourceTree = "<group>"; };
		C1349282279ADDBD00948C04 /* OnBoardigView.swift */ = {isa = PBXFileReference; lastKnownFileType = sourcecode.swift; path = OnBoardigView.swift; sourceTree = "<group>"; };
		C148E79827D0D3BC000297D4 /* VideoCell.swift */ = {isa = PBXFileReference; lastKnownFileType = sourcecode.swift; path = VideoCell.swift; sourceTree = "<group>"; };
		C148E79A27D0D5FF000297D4 /* VideoViewControllerExtention.swift */ = {isa = PBXFileReference; lastKnownFileType = sourcecode.swift; path = VideoViewControllerExtention.swift; sourceTree = "<group>"; };
		C148E79C27D0D9D1000297D4 /* BreakingVideoViewController.swift */ = {isa = PBXFileReference; lastKnownFileType = sourcecode.swift; path = BreakingVideoViewController.swift; sourceTree = "<group>"; };
		C14F9AE027CBAA6000CBDDD9 /* VideoModel.swift */ = {isa = PBXFileReference; lastKnownFileType = sourcecode.swift; path = VideoModel.swift; sourceTree = "<group>"; };
		C14F9AE927CE18E800CBDDD9 /* Colors.swift */ = {isa = PBXFileReference; lastKnownFileType = sourcecode.swift; path = Colors.swift; sourceTree = "<group>"; };
		C151DCA927D8919500DD5D3D /* FavoriteNewsViewController.swift */ = {isa = PBXFileReference; lastKnownFileType = sourcecode.swift; path = FavoriteNewsViewController.swift; sourceTree = "<group>"; };
		C151DCAC27D892B500DD5D3D /* FavoriteNewsView.swift */ = {isa = PBXFileReference; lastKnownFileType = sourcecode.swift; path = FavoriteNewsView.swift; sourceTree = "<group>"; };
		C151DCAE27D893CE00DD5D3D /* FavoriteNewsCell.swift */ = {isa = PBXFileReference; lastKnownFileType = sourcecode.swift; path = FavoriteNewsCell.swift; sourceTree = "<group>"; };
		C151DCB027D8970600DD5D3D /* DetailButtonView.swift */ = {isa = PBXFileReference; lastKnownFileType = sourcecode.swift; path = DetailButtonView.swift; sourceTree = "<group>"; };
		C151DCB227D89A1300DD5D3D /* DetailButtonViewDelegate.swift */ = {isa = PBXFileReference; lastKnownFileType = sourcecode.swift; path = DetailButtonViewDelegate.swift; sourceTree = "<group>"; };
		C1528F7127B518DD000A4F0C /* BreakingNewsViewModel.swift */ = {isa = PBXFileReference; lastKnownFileType = sourcecode.swift; path = BreakingNewsViewModel.swift; sourceTree = "<group>"; };
		C1707C4727A6D9D700D1D385 /* MapView.swift */ = {isa = PBXFileReference; lastKnownFileType = sourcecode.swift; path = MapView.swift; sourceTree = "<group>"; };
		C1707C4927A6DB1000D1D385 /* MapViewDelegate.swift */ = {isa = PBXFileReference; lastKnownFileType = sourcecode.swift; path = MapViewDelegate.swift; sourceTree = "<group>"; };
		C1707C4B27A6DD2800D1D385 /* MapViewControllerExtension.swift */ = {isa = PBXFileReference; lastKnownFileType = sourcecode.swift; path = MapViewControllerExtension.swift; sourceTree = "<group>"; };
		C1707C4D27A6E7E200D1D385 /* MapSearchTable.swift */ = {isa = PBXFileReference; lastKnownFileType = sourcecode.swift; path = MapSearchTable.swift; sourceTree = "<group>"; };
		C17CF5D827EB3D7E00206838 /* CurrentCityServerModel.swift */ = {isa = PBXFileReference; lastKnownFileType = sourcecode.swift; path = CurrentCityServerModel.swift; sourceTree = "<group>"; };
		C185C96B27B3F5D9006D10B2 /* ImageCacheService.swift */ = {isa = PBXFileReference; lastKnownFileType = sourcecode.swift; path = ImageCacheService.swift; sourceTree = "<group>"; };
		C185C96D27B40745006D10B2 /* NewsModel.swift */ = {isa = PBXFileReference; lastKnownFileType = sourcecode.swift; path = NewsModel.swift; sourceTree = "<group>"; };
		C1A0D0BF27C908D000BD49A6 /* VideoNavController.swift */ = {isa = PBXFileReference; lastKnownFileType = sourcecode.swift; path = VideoNavController.swift; sourceTree = "<group>"; };
		C1A0D0C127C908E900BD49A6 /* VideoViewController.swift */ = {isa = PBXFileReference; lastKnownFileType = sourcecode.swift; path = VideoViewController.swift; sourceTree = "<group>"; };
		C1B4AB0C27A9A0DC0089F25F /* NewsNavController.swift */ = {isa = PBXFileReference; lastKnownFileType = sourcecode.swift; path = NewsNavController.swift; sourceTree = "<group>"; };
		C1B4AB0E27A9A10A0089F25F /* NewsViewController.swift */ = {isa = PBXFileReference; lastKnownFileType = sourcecode.swift; path = NewsViewController.swift; sourceTree = "<group>"; };
		C1B4AB1027A9A2110089F25F /* NewsTableView.swift */ = {isa = PBXFileReference; lastKnownFileType = sourcecode.swift; path = NewsTableView.swift; sourceTree = "<group>"; };
		C1B4AB1227A9A76A0089F25F /* NewsViewControllerExtension.swift */ = {isa = PBXFileReference; lastKnownFileType = sourcecode.swift; path = NewsViewControllerExtension.swift; sourceTree = "<group>"; };
		C1C39C6A27D4AC1900DB8DA3 /* BreakingVideoView.swift */ = {isa = PBXFileReference; lastKnownFileType = sourcecode.swift; path = BreakingVideoView.swift; sourceTree = "<group>"; };
		C1C39C6C27D4B3C100DB8DA3 /* RecomendationVideoCell.swift */ = {isa = PBXFileReference; lastKnownFileType = sourcecode.swift; path = RecomendationVideoCell.swift; sourceTree = "<group>"; };
		C1C39C6E27D4B93E00DB8DA3 /* BreakingVideoViewControllerExtention.swift */ = {isa = PBXFileReference; lastKnownFileType = sourcecode.swift; path = BreakingVideoViewControllerExtention.swift; sourceTree = "<group>"; };
		C1C39C7027D5FE9E00DB8DA3 /* CityInformationView.swift */ = {isa = PBXFileReference; lastKnownFileType = sourcecode.swift; path = CityInformationView.swift; sourceTree = "<group>"; };
		C1C39C7327D7533200DB8DA3 /* CityCell.swift */ = {isa = PBXFileReference; lastKnownFileType = sourcecode.swift; path = CityCell.swift; sourceTree = "<group>"; };
		C1C39C7527D7558F00DB8DA3 /* CityInformationController.swift */ = {isa = PBXFileReference; lastKnownFileType = sourcecode.swift; path = CityInformationController.swift; sourceTree = "<group>"; };
		C1C39C9D27D77C3900DB8DA3 /* CityInAreaServerModel.swift */ = {isa = PBXFileReference; lastKnownFileType = sourcecode.swift; path = CityInAreaServerModel.swift; sourceTree = "<group>"; };
		C1D6B14627E27B5700007F4E /* BreakingNewsDelegate.swift */ = {isa = PBXFileReference; lastKnownFileType = sourcecode.swift; path = BreakingNewsDelegate.swift; sourceTree = "<group>"; };
		C1D6B14827E27D6200007F4E /* DetailButtonViewController.swift */ = {isa = PBXFileReference; lastKnownFileType = sourcecode.swift; path = DetailButtonViewController.swift; sourceTree = "<group>"; };
		C1DDED4D27CB91E800EF9166 /* VideoServerModel.swift */ = {isa = PBXFileReference; lastKnownFileType = sourcecode.swift; path = VideoServerModel.swift; sourceTree = "<group>"; };
		C1DDED5027CB975200EF9166 /* VideoViewModel.swift */ = {isa = PBXFileReference; lastKnownFileType = sourcecode.swift; path = VideoViewModel.swift; sourceTree = "<group>"; };
		C1DDED5327CB982100EF9166 /* VideosListView.swift */ = {isa = PBXFileReference; lastKnownFileType = sourcecode.swift; path = VideosListView.swift; sourceTree = "<group>"; };
		C1DDED5527CB9D4600EF9166 /* CancellableSetService.swift */ = {isa = PBXFileReference; lastKnownFileType = sourcecode.swift; path = CancellableSetService.swift; sourceTree = "<group>"; };
		C1E295C727CF70AB00693FC8 /* NewsCacheService.swift */ = {isa = PBXFileReference; lastKnownFileType = sourcecode.swift; path = NewsCacheService.swift; sourceTree = "<group>"; };
		C1E295CA27CFBB2C00693FC8 /* CustomUIImageView.swift */ = {isa = PBXFileReference; lastKnownFileType = sourcecode.swift; path = CustomUIImageView.swift; sourceTree = "<group>"; };
		C1E469C827C24737005CEAD2 /* AssemblyLayer.swift */ = {isa = PBXFileReference; lastKnownFileType = sourcecode.swift; path = AssemblyLayer.swift; sourceTree = "<group>"; };
		C1E469CA27C25367005CEAD2 /* CityViewModel.swift */ = {isa = PBXFileReference; lastKnownFileType = sourcecode.swift; path = CityViewModel.swift; sourceTree = "<group>"; };
		C1E4D87D27AA718C00D70F2A /* NewsTableViewCell.swift */ = {isa = PBXFileReference; lastKnownFileType = sourcecode.swift; path = NewsTableViewCell.swift; sourceTree = "<group>"; };
		C1E4D88527AA986E00D70F2A /* NewsViewModel.swift */ = {isa = PBXFileReference; lastKnownFileType = sourcecode.swift; path = NewsViewModel.swift; sourceTree = "<group>"; };
		C1E4D88927AA98C800D70F2A /* NewsServerModel.swift */ = {isa = PBXFileReference; lastKnownFileType = sourcecode.swift; path = NewsServerModel.swift; sourceTree = "<group>"; };
		C1E4D88F27AAB01B00D70F2A /* BreakingNewsView.swift */ = {isa = PBXFileReference; lastKnownFileType = sourcecode.swift; path = BreakingNewsView.swift; sourceTree = "<group>"; };
		C1E4D89127AAB02900D70F2A /* BreakingNewsViewController.swift */ = {isa = PBXFileReference; lastKnownFileType = sourcecode.swift; path = BreakingNewsViewController.swift; sourceTree = "<group>"; };
		C1EAAFA5279DA88D00300FB9 /* Alert.swift */ = {isa = PBXFileReference; lastKnownFileType = sourcecode.swift; path = Alert.swift; sourceTree = "<group>"; };
		C1EAAFA8279DA91400300FB9 /* LocationAlert.swift */ = {isa = PBXFileReference; lastKnownFileType = sourcecode.swift; path = LocationAlert.swift; sourceTree = "<group>"; };
		C1F9C18927DF1FA60079EF13 /* NewsReadingList+CoreDataClass.swift */ = {isa = PBXFileReference; lastKnownFileType = sourcecode.swift; path = "NewsReadingList+CoreDataClass.swift"; sourceTree = "<group>"; };
		C1F9C18A27DF1FA60079EF13 /* NewsReadingList+CoreDataProperties.swift */ = {isa = PBXFileReference; lastKnownFileType = sourcecode.swift; path = "NewsReadingList+CoreDataProperties.swift"; sourceTree = "<group>"; };
		C1F9C18D27DF1FFB0079EF13 /* DataStoreManager.swift */ = {isa = PBXFileReference; lastKnownFileType = sourcecode.swift; path = DataStoreManager.swift; sourceTree = "<group>"; };
		C1F9C1A127DF68930079EF13 /* NewsHttpService.swift */ = {isa = PBXFileReference; lastKnownFileType = sourcecode.swift; path = NewsHttpService.swift; sourceTree = "<group>"; };
		C1F9C1A327DF68B00079EF13 /* VideoHttpService.swift */ = {isa = PBXFileReference; lastKnownFileType = sourcecode.swift; path = VideoHttpService.swift; sourceTree = "<group>"; };
		C1F9C1A527DF71810079EF13 /* HttpHelper.swift */ = {isa = PBXFileReference; lastKnownFileType = sourcecode.swift; path = HttpHelper.swift; sourceTree = "<group>"; };
		C1F9C1A727DF72300079EF13 /* CityHttpService.swift */ = {isa = PBXFileReference; lastKnownFileType = sourcecode.swift; path = CityHttpService.swift; sourceTree = "<group>"; };
		C1FC8C88280D351900EE2FD8 /* CoreDataTest.swift */ = {isa = PBXFileReference; lastKnownFileType = sourcecode.swift; path = CoreDataTest.swift; sourceTree = "<group>"; };
		C1FC8C8B280D3DB200EE2FD8 /* ImageCacheTest.swift */ = {isa = PBXFileReference; lastKnownFileType = sourcecode.swift; path = ImageCacheTest.swift; sourceTree = "<group>"; };
		C1FC8C8E280D400C00EE2FD8 /* NewsCacheTest.swift */ = {isa = PBXFileReference; lastKnownFileType = sourcecode.swift; path = NewsCacheTest.swift; sourceTree = "<group>"; };
		C1FC8C91280D415600EE2FD8 /* HttpHelperTest.swift */ = {isa = PBXFileReference; lastKnownFileType = sourcecode.swift; path = HttpHelperTest.swift; sourceTree = "<group>"; };
		C1FC8C94280D4A7900EE2FD8 /* HttpServiceTest.swift */ = {isa = PBXFileReference; lastKnownFileType = sourcecode.swift; path = HttpServiceTest.swift; sourceTree = "<group>"; };
		ED6E67678E2017322D9BB17C /* Pods-SpaceNewsApp.release.xcconfig */ = {isa = PBXFileReference; includeInIndex = 1; lastKnownFileType = text.xcconfig; name = "Pods-SpaceNewsApp.release.xcconfig"; path = "Target Support Files/Pods-SpaceNewsApp/Pods-SpaceNewsApp.release.xcconfig"; sourceTree = "<group>"; };
		F1347A9BD53E63B04F8D576F /* Pods_SpaceNewsAppTests.framework */ = {isa = PBXFileReference; explicitFileType = wrapper.framework; includeInIndex = 0; path = Pods_SpaceNewsAppTests.framework; sourceTree = BUILT_PRODUCTS_DIR; };
/* End PBXFileReference section */

/* Begin PBXFrameworksBuildPhase section */
		C1349237279AD9D600948C04 /* Frameworks */ = {
			isa = PBXFrameworksBuildPhase;
			buildActionMask = 2147483647;
			files = (
				224ADF09746382D7F55089D0 /* Pods_SpaceNewsApp.framework in Frameworks */,
			);
			runOnlyForDeploymentPostprocessing = 0;
		};
		C1349250279AD9D700948C04 /* Frameworks */ = {
			isa = PBXFrameworksBuildPhase;
			buildActionMask = 2147483647;
			files = (
				4D6642FFA239C0435023ACF6 /* Pods_SpaceNewsAppTests.framework in Frameworks */,
			);
			runOnlyForDeploymentPostprocessing = 0;
		};
		C134925A279AD9D700948C04 /* Frameworks */ = {
			isa = PBXFrameworksBuildPhase;
			buildActionMask = 2147483647;
			files = (
				E1F4CC558AAC798669256B48 /* Pods_SpaceNewsApp_SpaceNewsAppUITests.framework in Frameworks */,
			);
			runOnlyForDeploymentPostprocessing = 0;
		};
/* End PBXFrameworksBuildPhase section */

/* Begin PBXGroup section */
		3DFFBC51B781C31093B40F89 /* Pods */ = {
			isa = PBXGroup;
			children = (
				6B13F049440F74065A85AAB0 /* Pods-SpaceNewsApp.debug.xcconfig */,
				ED6E67678E2017322D9BB17C /* Pods-SpaceNewsApp.release.xcconfig */,
				1B7097E977C9397AC50EEF96 /* Pods-SpaceNewsApp-SpaceNewsAppUITests.debug.xcconfig */,
				A48629C9D0FE03744A496B6C /* Pods-SpaceNewsApp-SpaceNewsAppUITests.release.xcconfig */,
				94EB181804AEB8A0BA520A9C /* Pods-SpaceNewsAppTests.debug.xcconfig */,
				67DA8C859FDAF301FB120C49 /* Pods-SpaceNewsAppTests.release.xcconfig */,
			);
			path = Pods;
			sourceTree = "<group>";
		};
		C1349231279AD9D600948C04 = {
			isa = PBXGroup;
			children = (
				C134923C279AD9D600948C04 /* SpaceNewsApp */,
				C186437A27FDBE0A00FC1AA9 /* Tests */,
				3DFFBC51B781C31093B40F89 /* Pods */,
				C134923B279AD9D600948C04 /* Products */,
				CDC575663C92AE5E8F5E6DF9 /* Frameworks */,
			);
			sourceTree = "<group>";
		};
		C134923B279AD9D600948C04 /* Products */ = {
			isa = PBXGroup;
			children = (
				C134923A279AD9D600948C04 /* SpaceNewsApp.app */,
				C1349253279AD9D700948C04 /* SpaceNewsAppTests.xctest */,
				C134925D279AD9D700948C04 /* SpaceNewsAppUITests.xctest */,
			);
			name = Products;
			sourceTree = "<group>";
		};
		C134923C279AD9D600948C04 /* SpaceNewsApp */ = {
			isa = PBXGroup;
			children = (
				C186437927FDBDDF00FC1AA9 /* AppSceneDelegate */,
				C186437827FDBD6C00FC1AA9 /* CoreData */,
				C186437727FDBD4900FC1AA9 /* OnBoarding */,
				C186437627FDBD3200FC1AA9 /* Views */,
				C186437427FDBD0500FC1AA9 /* ViewModel */,
				C186437327FDBCE400FC1AA9 /* Model */,
				C186437227FDBCB200FC1AA9 /* CustomUIClasses */,
				C172FCA327BBB53A009C0B3F /* Assembly */,
				C1FE075327A2CC1C0089D1CE /* Services */,
				C14B28A8279ADFF800E1D30A /* Other */,
			);
			path = SpaceNewsApp;
			sourceTree = "<group>";
		};
		C1349256279AD9D700948C04 /* SpaceNewsAppTests */ = {
			isa = PBXGroup;
			children = (
				C1FC8C94280D4A7900EE2FD8 /* HttpServiceTest.swift */,
				C1FC8C91280D415600EE2FD8 /* HttpHelperTest.swift */,
				C1FC8C8E280D400C00EE2FD8 /* NewsCacheTest.swift */,
				C1FC8C8B280D3DB200EE2FD8 /* ImageCacheTest.swift */,
				C1349257279AD9D700948C04 /* CoordinateConverterTest.swift */,
				C1FC8C88280D351900EE2FD8 /* CoreDataTest.swift */,
			);
			path = SpaceNewsAppTests;
			sourceTree = "<group>";
		};
		C1349260279AD9D700948C04 /* SpaceNewsAppUITests */ = {
			isa = PBXGroup;
			children = (
				C1349261279AD9D700948C04 /* SpaceNewsAppUITests.swift */,
				C1349263279AD9D700948C04 /* SpaceNewsAppUITestsLaunchTests.swift */,
			);
			path = SpaceNewsAppUITests;
			sourceTree = "<group>";
		};
		C14B28A8279ADFF800E1D30A /* Other */ = {
			isa = PBXGroup;
			children = (
				C1349249279AD9D700948C04 /* Assets.xcassets */,
				C134924B279AD9D700948C04 /* LaunchScreen.storyboard */,
				C134924E279AD9D700948C04 /* Info.plist */,
			);
			name = Other;
			sourceTree = "<group>";
		};
		C172FCA327BBB53A009C0B3F /* Assembly */ = {
			isa = PBXGroup;
			children = (
				C1E469C827C24737005CEAD2 /* AssemblyLayer.swift */,
			);
			path = Assembly;
			sourceTree = "<group>";
		};
		C185C96A27B3F5B6006D10B2 /* ImageCacheService */ = {
			isa = PBXGroup;
			children = (
				C185C96B27B3F5D9006D10B2 /* ImageCacheService.swift */,
			);
			path = ImageCacheService;
			sourceTree = "<group>";
		};
		C186437227FDBCB200FC1AA9 /* CustomUIClasses */ = {
			isa = PBXGroup;
			children = (
				C1E295CA27CFBB2C00693FC8 /* CustomUIImageView.swift */,
			);
			path = CustomUIClasses;
			sourceTree = "<group>";
		};
		C186437327FDBCE400FC1AA9 /* Model */ = {
			isa = PBXGroup;
			children = (
				C186439027FDC7D000FC1AA9 /* City */,
				C186438F27FDC7C600FC1AA9 /* Video */,
				C186438E27FDC7B800FC1AA9 /* News */,
				C186438D27FDC7AA00FC1AA9 /* AR */,
			);
			path = Model;
			sourceTree = "<group>";
		};
		C186437427FDBD0500FC1AA9 /* ViewModel */ = {
			isa = PBXGroup;
			children = (
				C186438C27FDC78700FC1AA9 /* City */,
				C186438B27FDC77A00FC1AA9 /* Video */,
				C186438A27FDC76900FC1AA9 /* News */,
				C186438927FDC75900FC1AA9 /* AR */,
			);
			path = ViewModel;
			sourceTree = "<group>";
		};
		C186437627FDBD3200FC1AA9 /* Views */ = {
			isa = PBXGroup;
			children = (
				C186438827FDC71200FC1AA9 /* AR */,
				C186438727FDC6FF00FC1AA9 /* Alert */,
				C186438627FDC6F100FC1AA9 /* Map */,
				C186438527FDC20500FC1AA9 /* Video */,
				C186438327FDC1D700FC1AA9 /* News */,
				C134927A279ADD6C00948C04 /* LaunchView.swift */,
				C1349270279ADCB300948C04 /* BaseTabBarController.swift */,
			);
			path = Views;
			sourceTree = "<group>";
		};
		C186437727FDBD4900FC1AA9 /* OnBoarding */ = {
			isa = PBXGroup;
			children = (
				C134927E279ADD9E00948C04 /* PageViewController.swift */,
				C134927C279ADD8800948C04 /* TemplateOnboardingView.swift */,
				C1349280279ADDAD00948C04 /* PageControl.swift */,
				C1349282279ADDBD00948C04 /* OnBoardigView.swift */,
			);
			path = OnBoarding;
			sourceTree = "<group>";
		};
		C186437827FDBD6C00FC1AA9 /* CoreData */ = {
			isa = PBXGroup;
			children = (
				C1F9C18D27DF1FFB0079EF13 /* DataStoreManager.swift */,
				C1F9C18927DF1FA60079EF13 /* NewsReadingList+CoreDataClass.swift */,
				C1F9C18A27DF1FA60079EF13 /* NewsReadingList+CoreDataProperties.swift */,
				C1349246279AD9D600948C04 /* SpaceNewsApp.xcdatamodeld */,
			);
			path = CoreData;
			sourceTree = "<group>";
		};
		C186437927FDBDDF00FC1AA9 /* AppSceneDelegate */ = {
			isa = PBXGroup;
			children = (
				C134923D279AD9D600948C04 /* AppDelegate.swift */,
				C134923F279AD9D600948C04 /* SceneDelegate.swift */,
			);
			path = AppSceneDelegate;
			sourceTree = "<group>";
		};
		C186437A27FDBE0A00FC1AA9 /* Tests */ = {
			isa = PBXGroup;
			children = (
				C1349256279AD9D700948C04 /* SpaceNewsAppTests */,
				C1349260279AD9D700948C04 /* SpaceNewsAppUITests */,
			);
			path = Tests;
			sourceTree = "<group>";
		};
		C186437B27FDBF1600FC1AA9 /* BreakingNewsView */ = {
			isa = PBXGroup;
			children = (
				C1D6B14627E27B5700007F4E /* BreakingNewsDelegate.swift */,
				C1E4D88F27AAB01B00D70F2A /* BreakingNewsView.swift */,
				C1E4D89127AAB02900D70F2A /* BreakingNewsViewController.swift */,
				C151DCB227D89A1300DD5D3D /* DetailButtonViewDelegate.swift */,
				C151DCB027D8970600DD5D3D /* DetailButtonView.swift */,
				C1D6B14827E27D6200007F4E /* DetailButtonViewController.swift */,
			);
			path = BreakingNewsView;
			sourceTree = "<group>";
		};
		C186437C27FDBF2C00FC1AA9 /* FavoriteNews */ = {
			isa = PBXGroup;
			children = (
				C151DCA927D8919500DD5D3D /* FavoriteNewsViewController.swift */,
				C151DCAC27D892B500DD5D3D /* FavoriteNewsView.swift */,
				C151DCAE27D893CE00DD5D3D /* FavoriteNewsCell.swift */,
			);
			path = FavoriteNews;
			sourceTree = "<group>";
		};
		C186437E27FDBF4900FC1AA9 /* NewsTableView */ = {
			isa = PBXGroup;
			children = (
				C1B4AB0E27A9A10A0089F25F /* NewsViewController.swift */,
				C1B4AB1027A9A2110089F25F /* NewsTableView.swift */,
				C1B4AB1227A9A76A0089F25F /* NewsViewControllerExtension.swift */,
				C1E4D87D27AA718C00D70F2A /* NewsTableViewCell.swift */,
			);
			path = NewsTableView;
			sourceTree = "<group>";
		};
		C186437F27FDBF6500FC1AA9 /* VideosList */ = {
			isa = PBXGroup;
			children = (
				C1A0D0C127C908E900BD49A6 /* VideoViewController.swift */,
				C1DDED5327CB982100EF9166 /* VideosListView.swift */,
				C148E79827D0D3BC000297D4 /* VideoCell.swift */,
				C148E79A27D0D5FF000297D4 /* VideoViewControllerExtention.swift */,
			);
			path = VideosList;
			sourceTree = "<group>";
		};
		C186438027FDBF7600FC1AA9 /* BreakingVideo */ = {
			isa = PBXGroup;
			children = (
				C148E79C27D0D9D1000297D4 /* BreakingVideoViewController.swift */,
				C1C39C6A27D4AC1900DB8DA3 /* BreakingVideoView.swift */,
				C1C39C6C27D4B3C100DB8DA3 /* RecomendationVideoCell.swift */,
				C1C39C6E27D4B93E00DB8DA3 /* BreakingVideoViewControllerExtention.swift */,
			);
			path = BreakingVideo;
			sourceTree = "<group>";
		};
		C186438127FDBF8A00FC1AA9 /* MapView */ = {
			isa = PBXGroup;
			children = (
				C1707C4927A6DB1000D1D385 /* MapViewDelegate.swift */,
				C1707C4727A6D9D700D1D385 /* MapView.swift */,
				C1349274279ADD0500948C04 /* MapViewController.swift */,
				C1707C4B27A6DD2800D1D385 /* MapViewControllerExtension.swift */,
				C1707C4D27A6E7E200D1D385 /* MapSearchTable.swift */,
			);
			path = MapView;
			sourceTree = "<group>";
		};
		C186438227FDBF9B00FC1AA9 /* CityInformation */ = {
			isa = PBXGroup;
			children = (
				C1C39C7027D5FE9E00DB8DA3 /* CityInformationView.swift */,
				C1C39C7327D7533200DB8DA3 /* CityCell.swift */,
				C1C39C7527D7558F00DB8DA3 /* CityInformationController.swift */,
			);
			path = CityInformation;
			sourceTree = "<group>";
		};
		C186438327FDC1D700FC1AA9 /* News */ = {
			isa = PBXGroup;
			children = (
				C186437E27FDBF4900FC1AA9 /* NewsTableView */,
				C186437C27FDBF2C00FC1AA9 /* FavoriteNews */,
				C186437B27FDBF1600FC1AA9 /* BreakingNewsView */,
				C1B4AB0C27A9A0DC0089F25F /* NewsNavController.swift */,
			);
			path = News;
			sourceTree = "<group>";
		};
		C186438527FDC20500FC1AA9 /* Video */ = {
			isa = PBXGroup;
			children = (
				C186438027FDBF7600FC1AA9 /* BreakingVideo */,
				C186437F27FDBF6500FC1AA9 /* VideosList */,
				C1A0D0BF27C908D000BD49A6 /* VideoNavController.swift */,
			);
			path = Video;
			sourceTree = "<group>";
		};
		C186438627FDC6F100FC1AA9 /* Map */ = {
			isa = PBXGroup;
			children = (
				C186438227FDBF9B00FC1AA9 /* CityInformation */,
				C186438127FDBF8A00FC1AA9 /* MapView */,
				C1349272279ADCE800948C04 /* MapNavController.swift */,
			);
			path = Map;
			sourceTree = "<group>";
		};
		C186438727FDC6FF00FC1AA9 /* Alert */ = {
			isa = PBXGroup;
			children = (
				C1EAAFA5279DA88D00300FB9 /* Alert.swift */,
				C1EAAFA8279DA91400300FB9 /* LocationAlert.swift */,
			);
			path = Alert;
			sourceTree = "<group>";
		};
		C186438827FDC71200FC1AA9 /* AR */ = {
			isa = PBXGroup;
			children = (
				C117850927F85EBF008CB321 /* ARNavController.swift */,
				C11784FC27F85AAF008CB321 /* ARViewController.swift */,
				C117850227F85B09008CB321 /* SatelliteInfoViewController.swift */,
				C117850B27F86445008CB321 /* ARSideBarViewController.swift */,
				C117850D27F87860008CB321 /* SideBarView.swift */,
			);
			path = AR;
			sourceTree = "<group>";
		};
		C186438927FDC75900FC1AA9 /* AR */ = {
			isa = PBXGroup;
			children = (
				C11784FE27F85ACE008CB321 /* ARViewModel.swift */,
			);
			path = AR;
			sourceTree = "<group>";
		};
		C186438A27FDC76900FC1AA9 /* News */ = {
			isa = PBXGroup;
			children = (
				C1E4D88527AA986E00D70F2A /* NewsViewModel.swift */,
				C1528F7127B518DD000A4F0C /* BreakingNewsViewModel.swift */,
			);
			path = News;
			sourceTree = "<group>";
		};
		C186438B27FDC77A00FC1AA9 /* Video */ = {
			isa = PBXGroup;
			children = (
				C1DDED5027CB975200EF9166 /* VideoViewModel.swift */,
			);
			path = Video;
			sourceTree = "<group>";
		};
		C186438C27FDC78700FC1AA9 /* City */ = {
			isa = PBXGroup;
			children = (
				C1E469CA27C25367005CEAD2 /* CityViewModel.swift */,
			);
			path = City;
			sourceTree = "<group>";
		};
		C186438D27FDC7AA00FC1AA9 /* AR */ = {
			isa = PBXGroup;
			children = (
				C117850427F85B2B008CB321 /* SpaceXSatilliteModel.swift */,
			);
			path = AR;
			sourceTree = "<group>";
		};
		C186438E27FDC7B800FC1AA9 /* News */ = {
			isa = PBXGroup;
			children = (
				C1E4D88927AA98C800D70F2A /* NewsServerModel.swift */,
				C185C96D27B40745006D10B2 /* NewsModel.swift */,
			);
			path = News;
			sourceTree = "<group>";
		};
		C186438F27FDC7C600FC1AA9 /* Video */ = {
			isa = PBXGroup;
			children = (
				C1DDED4D27CB91E800EF9166 /* VideoServerModel.swift */,
				C14F9AE027CBAA6000CBDDD9 /* VideoModel.swift */,
			);
			path = Video;
			sourceTree = "<group>";
		};
		C186439027FDC7D000FC1AA9 /* City */ = {
			isa = PBXGroup;
			children = (
				C1C39C9D27D77C3900DB8DA3 /* CityInAreaServerModel.swift */,
				C17CF5D827EB3D7E00206838 /* CurrentCityServerModel.swift */,
			);
			path = City;
			sourceTree = "<group>";
		};
		C1A9246727FC699F008B2FB3 /* AR */ = {
			isa = PBXGroup;
			children = (
				C117850027F85AF1008CB321 /* CoordinateConverter.swift */,
			);
			path = AR;
			sourceTree = "<group>";
		};
		C1DDED5727CB9D9A00EF9166 /* CancellableSetService */ = {
			isa = PBXGroup;
			children = (
				C1DDED5527CB9D4600EF9166 /* CancellableSetService.swift */,
			);
			path = CancellableSetService;
			sourceTree = "<group>";
		};
		C1E295C927CF70B100693FC8 /* NewsCacheService */ = {
			isa = PBXGroup;
			children = (
				C1E295C727CF70AB00693FC8 /* NewsCacheService.swift */,
			);
			path = NewsCacheService;
			sourceTree = "<group>";
		};
		C1FE075327A2CC1C0089D1CE /* Services */ = {
			isa = PBXGroup;
			children = (
				C14F9AE927CE18E800CBDDD9 /* Colors.swift */,
				C1A9246727FC699F008B2FB3 /* AR */,
				C185C96A27B3F5B6006D10B2 /* ImageCacheService */,
				C1E295C927CF70B100693FC8 /* NewsCacheService */,
				C1FE075427A2CC320089D1CE /* HTTPService */,
				C1DDED5727CB9D9A00EF9166 /* CancellableSetService */,
			);
			path = Services;
			sourceTree = "<group>";
		};
		C1FE075427A2CC320089D1CE /* HTTPService */ = {
			isa = PBXGroup;
			children = (
				C117850627F85B44008CB321 /* StarlinkHttpService.swift */,
				C1F9C1A127DF68930079EF13 /* NewsHttpService.swift */,
				C1F9C1A327DF68B00079EF13 /* VideoHttpService.swift */,
				C1F9C1A727DF72300079EF13 /* CityHttpService.swift */,
				C1F9C1A527DF71810079EF13 /* HttpHelper.swift */,
			);
			path = HTTPService;
			sourceTree = "<group>";
		};
		CDC575663C92AE5E8F5E6DF9 /* Frameworks */ = {
			isa = PBXGroup;
			children = (
				3D93E571586DBA55D5728DA3 /* Pods_SpaceNewsApp.framework */,
				32516A9B09FF1A5B607D0286 /* Pods_SpaceNewsApp_SpaceNewsAppUITests.framework */,
				F1347A9BD53E63B04F8D576F /* Pods_SpaceNewsAppTests.framework */,
			);
			name = Frameworks;
			sourceTree = "<group>";
		};
/* End PBXGroup section */

/* Begin PBXNativeTarget section */
		C1349239279AD9D600948C04 /* SpaceNewsApp */ = {
			isa = PBXNativeTarget;
			buildConfigurationList = C1349267279AD9D700948C04 /* Build configuration list for PBXNativeTarget "SpaceNewsApp" */;
			buildPhases = (
				010B1F4AE713983AFAEADB78 /* [CP] Check Pods Manifest.lock */,
				C1349236279AD9D600948C04 /* Sources */,
				C1349237279AD9D600948C04 /* Frameworks */,
				C1349238279AD9D600948C04 /* Resources */,
				E0A996D6E4935D14A14ED840 /* [CP] Embed Pods Frameworks */,
			);
			buildRules = (
			);
			dependencies = (
			);
			name = SpaceNewsApp;
			productName = SpaceNewsApp;
			productReference = C134923A279AD9D600948C04 /* SpaceNewsApp.app */;
			productType = "com.apple.product-type.application";
		};
		C1349252279AD9D700948C04 /* SpaceNewsAppTests */ = {
			isa = PBXNativeTarget;
			buildConfigurationList = C134926A279AD9D700948C04 /* Build configuration list for PBXNativeTarget "SpaceNewsAppTests" */;
			buildPhases = (
				4ACC8E369C4DFA3D85B37458 /* [CP] Check Pods Manifest.lock */,
				C134924F279AD9D700948C04 /* Sources */,
				C1349250279AD9D700948C04 /* Frameworks */,
				C1349251279AD9D700948C04 /* Resources */,
			);
			buildRules = (
			);
			dependencies = (
				C1349255279AD9D700948C04 /* PBXTargetDependency */,
			);
			name = SpaceNewsAppTests;
			productName = SpaceNewsAppTests;
			productReference = C1349253279AD9D700948C04 /* SpaceNewsAppTests.xctest */;
			productType = "com.apple.product-type.bundle.unit-test";
		};
		C134925C279AD9D700948C04 /* SpaceNewsAppUITests */ = {
			isa = PBXNativeTarget;
			buildConfigurationList = C134926D279AD9D700948C04 /* Build configuration list for PBXNativeTarget "SpaceNewsAppUITests" */;
			buildPhases = (
				2FD03E726BFB1436AE4E473C /* [CP] Check Pods Manifest.lock */,
				C1349259279AD9D700948C04 /* Sources */,
				C134925A279AD9D700948C04 /* Frameworks */,
				C134925B279AD9D700948C04 /* Resources */,
				4E15EC18EF11F13382236727 /* [CP] Embed Pods Frameworks */,
			);
			buildRules = (
			);
			dependencies = (
				C134925F279AD9D700948C04 /* PBXTargetDependency */,
			);
			name = SpaceNewsAppUITests;
			productName = SpaceNewsAppUITests;
			productReference = C134925D279AD9D700948C04 /* SpaceNewsAppUITests.xctest */;
			productType = "com.apple.product-type.bundle.ui-testing";
		};
/* End PBXNativeTarget section */

/* Begin PBXProject section */
		C1349232279AD9D600948C04 /* Project object */ = {
			isa = PBXProject;
			attributes = {
				BuildIndependentTargetsInParallel = 1;
				LastSwiftUpdateCheck = 1320;
				LastUpgradeCheck = 1320;
				TargetAttributes = {
					C1349239279AD9D600948C04 = {
						CreatedOnToolsVersion = 13.2.1;
					};
					C1349252279AD9D700948C04 = {
						CreatedOnToolsVersion = 13.2.1;
						TestTargetID = C1349239279AD9D600948C04;
					};
					C134925C279AD9D700948C04 = {
						CreatedOnToolsVersion = 13.2.1;
						TestTargetID = C1349239279AD9D600948C04;
					};
				};
			};
			buildConfigurationList = C1349235279AD9D600948C04 /* Build configuration list for PBXProject "SpaceNewsApp" */;
			compatibilityVersion = "Xcode 9.3";
			developmentRegion = en;
			hasScannedForEncodings = 0;
			knownRegions = (
				en,
				Base,
			);
			mainGroup = C1349231279AD9D600948C04;
			productRefGroup = C134923B279AD9D600948C04 /* Products */;
			projectDirPath = "";
			projectRoot = "";
			targets = (
				C1349239279AD9D600948C04 /* SpaceNewsApp */,
				C1349252279AD9D700948C04 /* SpaceNewsAppTests */,
				C134925C279AD9D700948C04 /* SpaceNewsAppUITests */,
			);
		};
/* End PBXProject section */

/* Begin PBXResourcesBuildPhase section */
		C1349238279AD9D600948C04 /* Resources */ = {
			isa = PBXResourcesBuildPhase;
			buildActionMask = 2147483647;
			files = (
				C134924D279AD9D700948C04 /* LaunchScreen.storyboard in Resources */,
				C134924A279AD9D700948C04 /* Assets.xcassets in Resources */,
			);
			runOnlyForDeploymentPostprocessing = 0;
		};
		C1349251279AD9D700948C04 /* Resources */ = {
			isa = PBXResourcesBuildPhase;
			buildActionMask = 2147483647;
			files = (
			);
			runOnlyForDeploymentPostprocessing = 0;
		};
		C134925B279AD9D700948C04 /* Resources */ = {
			isa = PBXResourcesBuildPhase;
			buildActionMask = 2147483647;
			files = (
			);
			runOnlyForDeploymentPostprocessing = 0;
		};
/* End PBXResourcesBuildPhase section */

/* Begin PBXShellScriptBuildPhase section */
		010B1F4AE713983AFAEADB78 /* [CP] Check Pods Manifest.lock */ = {
			isa = PBXShellScriptBuildPhase;
			buildActionMask = 2147483647;
			files = (
			);
			inputFileListPaths = (
			);
			inputPaths = (
				"${PODS_PODFILE_DIR_PATH}/Podfile.lock",
				"${PODS_ROOT}/Manifest.lock",
			);
			name = "[CP] Check Pods Manifest.lock";
			outputFileListPaths = (
			);
			outputPaths = (
				"$(DERIVED_FILE_DIR)/Pods-SpaceNewsApp-checkManifestLockResult.txt",
			);
			runOnlyForDeploymentPostprocessing = 0;
			shellPath = /bin/sh;
			shellScript = "diff \"${PODS_PODFILE_DIR_PATH}/Podfile.lock\" \"${PODS_ROOT}/Manifest.lock\" > /dev/null\nif [ $? != 0 ] ; then\n    # print error to STDERR\n    echo \"error: The sandbox is not in sync with the Podfile.lock. Run 'pod install' or update your CocoaPods installation.\" >&2\n    exit 1\nfi\n# This output is used by Xcode 'outputs' to avoid re-running this script phase.\necho \"SUCCESS\" > \"${SCRIPT_OUTPUT_FILE_0}\"\n";
			showEnvVarsInLog = 0;
		};
		2FD03E726BFB1436AE4E473C /* [CP] Check Pods Manifest.lock */ = {
			isa = PBXShellScriptBuildPhase;
			buildActionMask = 2147483647;
			files = (
			);
			inputFileListPaths = (
			);
			inputPaths = (
				"${PODS_PODFILE_DIR_PATH}/Podfile.lock",
				"${PODS_ROOT}/Manifest.lock",
			);
			name = "[CP] Check Pods Manifest.lock";
			outputFileListPaths = (
			);
			outputPaths = (
				"$(DERIVED_FILE_DIR)/Pods-SpaceNewsApp-SpaceNewsAppUITests-checkManifestLockResult.txt",
			);
			runOnlyForDeploymentPostprocessing = 0;
			shellPath = /bin/sh;
			shellScript = "diff \"${PODS_PODFILE_DIR_PATH}/Podfile.lock\" \"${PODS_ROOT}/Manifest.lock\" > /dev/null\nif [ $? != 0 ] ; then\n    # print error to STDERR\n    echo \"error: The sandbox is not in sync with the Podfile.lock. Run 'pod install' or update your CocoaPods installation.\" >&2\n    exit 1\nfi\n# This output is used by Xcode 'outputs' to avoid re-running this script phase.\necho \"SUCCESS\" > \"${SCRIPT_OUTPUT_FILE_0}\"\n";
			showEnvVarsInLog = 0;
		};
		4ACC8E369C4DFA3D85B37458 /* [CP] Check Pods Manifest.lock */ = {
			isa = PBXShellScriptBuildPhase;
			buildActionMask = 2147483647;
			files = (
			);
			inputFileListPaths = (
			);
			inputPaths = (
				"${PODS_PODFILE_DIR_PATH}/Podfile.lock",
				"${PODS_ROOT}/Manifest.lock",
			);
			name = "[CP] Check Pods Manifest.lock";
			outputFileListPaths = (
			);
			outputPaths = (
				"$(DERIVED_FILE_DIR)/Pods-SpaceNewsAppTests-checkManifestLockResult.txt",
			);
			runOnlyForDeploymentPostprocessing = 0;
			shellPath = /bin/sh;
			shellScript = "diff \"${PODS_PODFILE_DIR_PATH}/Podfile.lock\" \"${PODS_ROOT}/Manifest.lock\" > /dev/null\nif [ $? != 0 ] ; then\n    # print error to STDERR\n    echo \"error: The sandbox is not in sync with the Podfile.lock. Run 'pod install' or update your CocoaPods installation.\" >&2\n    exit 1\nfi\n# This output is used by Xcode 'outputs' to avoid re-running this script phase.\necho \"SUCCESS\" > \"${SCRIPT_OUTPUT_FILE_0}\"\n";
			showEnvVarsInLog = 0;
		};
		4E15EC18EF11F13382236727 /* [CP] Embed Pods Frameworks */ = {
			isa = PBXShellScriptBuildPhase;
			buildActionMask = 2147483647;
			files = (
			);
			inputFileListPaths = (
				"${PODS_ROOT}/Target Support Files/Pods-SpaceNewsApp-SpaceNewsAppUITests/Pods-SpaceNewsApp-SpaceNewsAppUITests-frameworks-${CONFIGURATION}-input-files.xcfilelist",
			);
			name = "[CP] Embed Pods Frameworks";
			outputFileListPaths = (
				"${PODS_ROOT}/Target Support Files/Pods-SpaceNewsApp-SpaceNewsAppUITests/Pods-SpaceNewsApp-SpaceNewsAppUITests-frameworks-${CONFIGURATION}-output-files.xcfilelist",
			);
			runOnlyForDeploymentPostprocessing = 0;
			shellPath = /bin/sh;
			shellScript = "\"${PODS_ROOT}/Target Support Files/Pods-SpaceNewsApp-SpaceNewsAppUITests/Pods-SpaceNewsApp-SpaceNewsAppUITests-frameworks.sh\"\n";
			showEnvVarsInLog = 0;
		};
		E0A996D6E4935D14A14ED840 /* [CP] Embed Pods Frameworks */ = {
			isa = PBXShellScriptBuildPhase;
			buildActionMask = 2147483647;
			files = (
			);
			inputFileListPaths = (
				"${PODS_ROOT}/Target Support Files/Pods-SpaceNewsApp/Pods-SpaceNewsApp-frameworks-${CONFIGURATION}-input-files.xcfilelist",
			);
			name = "[CP] Embed Pods Frameworks";
			outputFileListPaths = (
				"${PODS_ROOT}/Target Support Files/Pods-SpaceNewsApp/Pods-SpaceNewsApp-frameworks-${CONFIGURATION}-output-files.xcfilelist",
			);
			runOnlyForDeploymentPostprocessing = 0;
			shellPath = /bin/sh;
			shellScript = "\"${PODS_ROOT}/Target Support Files/Pods-SpaceNewsApp/Pods-SpaceNewsApp-frameworks.sh\"\n";
			showEnvVarsInLog = 0;
		};
/* End PBXShellScriptBuildPhase section */

/* Begin PBXSourcesBuildPhase section */
		C1349236279AD9D600948C04 /* Sources */ = {
			isa = PBXSourcesBuildPhase;
			buildActionMask = 2147483647;
			files = (
				C185C96C27B3F5D9006D10B2 /* ImageCacheService.swift in Sources */,
				C1C39C9E27D77C3900DB8DA3 /* CityInAreaServerModel.swift in Sources */,
				C1F9C1A627DF71810079EF13 /* HttpHelper.swift in Sources */,
				C134927D279ADD8800948C04 /* TemplateOnboardingView.swift in Sources */,
				C1E295C827CF70AB00693FC8 /* NewsCacheService.swift in Sources */,
				C1F9C1A427DF68B00079EF13 /* VideoHttpService.swift in Sources */,
				C148E79927D0D3BC000297D4 /* VideoCell.swift in Sources */,
				C1C39C6D27D4B3C100DB8DA3 /* RecomendationVideoCell.swift in Sources */,
				C1E469C927C24737005CEAD2 /* AssemblyLayer.swift in Sources */,
				C1E4D89027AAB01B00D70F2A /* BreakingNewsView.swift in Sources */,
				C1A0D0C227C908E900BD49A6 /* VideoViewController.swift in Sources */,
				C148E79D27D0D9D1000297D4 /* BreakingVideoViewController.swift in Sources */,
				C1B4AB0F27A9A10A0089F25F /* NewsViewController.swift in Sources */,
				C1C39C7427D7533200DB8DA3 /* CityCell.swift in Sources */,
				C1B4AB1327A9A76A0089F25F /* NewsViewControllerExtension.swift in Sources */,
				C151DCAF27D893CE00DD5D3D /* FavoriteNewsCell.swift in Sources */,
				C1D6B14727E27B5700007F4E /* BreakingNewsDelegate.swift in Sources */,
				C134927B279ADD6C00948C04 /* LaunchView.swift in Sources */,
				C185C96E27B40745006D10B2 /* NewsModel.swift in Sources */,
				C117850127F85AF1008CB321 /* CoordinateConverter.swift in Sources */,
				C1528F7227B518DD000A4F0C /* BreakingNewsViewModel.swift in Sources */,
				C1DDED5127CB975200EF9166 /* VideoViewModel.swift in Sources */,
				C1707C4C27A6DD2800D1D385 /* MapViewControllerExtension.swift in Sources */,
				C1F9C1A227DF68930079EF13 /* NewsHttpService.swift in Sources */,
				C151DCAD27D892B500DD5D3D /* FavoriteNewsView.swift in Sources */,
				C1C39C7127D5FE9E00DB8DA3 /* CityInformationView.swift in Sources */,
				C1B4AB1127A9A2110089F25F /* NewsTableView.swift in Sources */,
				C151DCB327D89A1300DD5D3D /* DetailButtonViewDelegate.swift in Sources */,
				C1F9C18E27DF1FFB0079EF13 /* DataStoreManager.swift in Sources */,
				C1C39C7627D7558F00DB8DA3 /* CityInformationController.swift in Sources */,
				C1E4D88627AA986E00D70F2A /* NewsViewModel.swift in Sources */,
				C1707C4E27A6E7E200D1D385 /* MapSearchTable.swift in Sources */,
				C117850C27F86445008CB321 /* ARSideBarViewController.swift in Sources */,
				C1B4AB0D27A9A0DC0089F25F /* NewsNavController.swift in Sources */,
				C1D6B14927E27D6200007F4E /* DetailButtonViewController.swift in Sources */,
				C117850A27F85EBF008CB321 /* ARNavController.swift in Sources */,
				C17CF5D927EB3D7E00206838 /* CurrentCityServerModel.swift in Sources */,
				C1349281279ADDAD00948C04 /* PageControl.swift in Sources */,
				C134927F279ADD9E00948C04 /* PageViewController.swift in Sources */,
				C1DDED5627CB9D4600EF9166 /* CancellableSetService.swift in Sources */,
				C1E295CB27CFBB2C00693FC8 /* CustomUIImageView.swift in Sources */,
				C117850727F85B44008CB321 /* StarlinkHttpService.swift in Sources */,
				C134923E279AD9D600948C04 /* AppDelegate.swift in Sources */,
				C1707C4827A6D9D700D1D385 /* MapView.swift in Sources */,
				C1EAAFA9279DA91400300FB9 /* LocationAlert.swift in Sources */,
				C1349273279ADCE800948C04 /* MapNavController.swift in Sources */,
				C1DDED4E27CB91E800EF9166 /* VideoServerModel.swift in Sources */,
				C14F9AEA27CE18E800CBDDD9 /* Colors.swift in Sources */,
				C117850E27F87860008CB321 /* SideBarView.swift in Sources */,
				C148E79B27D0D5FF000297D4 /* VideoViewControllerExtention.swift in Sources */,
				C151DCB127D8970600DD5D3D /* DetailButtonView.swift in Sources */,
				C1E4D89227AAB02900D70F2A /* BreakingNewsViewController.swift in Sources */,
				C1EAAFA6279DA88D00300FB9 /* Alert.swift in Sources */,
				C11784FD27F85AAF008CB321 /* ARViewController.swift in Sources */,
				C1349271279ADCB300948C04 /* BaseTabBarController.swift in Sources */,
				C1DDED5427CB982100EF9166 /* VideosListView.swift in Sources */,
				C117850327F85B09008CB321 /* SatelliteInfoViewController.swift in Sources */,
				C1349240279AD9D600948C04 /* SceneDelegate.swift in Sources */,
				C1C39C6F27D4B93E00DB8DA3 /* BreakingVideoViewControllerExtention.swift in Sources */,
				C1E4D87E27AA718C00D70F2A /* NewsTableViewCell.swift in Sources */,
				C1E4D88A27AA98C800D70F2A /* NewsServerModel.swift in Sources */,
				C1F9C18C27DF1FA60079EF13 /* NewsReadingList+CoreDataProperties.swift in Sources */,
				C1349283279ADDBD00948C04 /* OnBoardigView.swift in Sources */,
				C1F9C18B27DF1FA60079EF13 /* NewsReadingList+CoreDataClass.swift in Sources */,
				C1C39C6B27D4AC1900DB8DA3 /* BreakingVideoView.swift in Sources */,
				C1349248279AD9D600948C04 /* SpaceNewsApp.xcdatamodeld in Sources */,
				C151DCAA27D8919500DD5D3D /* FavoriteNewsViewController.swift in Sources */,
				C117850527F85B2B008CB321 /* SpaceXSatilliteModel.swift in Sources */,
				C1F9C1A827DF72300079EF13 /* CityHttpService.swift in Sources */,
				C1E469CB27C25367005CEAD2 /* CityViewModel.swift in Sources */,
				C1A0D0C027C908D000BD49A6 /* VideoNavController.swift in Sources */,
				C14F9AE127CBAA6000CBDDD9 /* VideoModel.swift in Sources */,
				C1349275279ADD0500948C04 /* MapViewController.swift in Sources */,
				C1707C4A27A6DB1000D1D385 /* MapViewDelegate.swift in Sources */,
				C11784FF27F85ACE008CB321 /* ARViewModel.swift in Sources */,
			);
			runOnlyForDeploymentPostprocessing = 0;
		};
		C134924F279AD9D700948C04 /* Sources */ = {
			isa = PBXSourcesBuildPhase;
			buildActionMask = 2147483647;
			files = (
				C1FC8C92280D415600EE2FD8 /* HttpHelperTest.swift in Sources */,
				C1FC8C89280D351900EE2FD8 /* CoreDataTest.swift in Sources */,
				C1FC8C8C280D3DB200EE2FD8 /* ImageCacheTest.swift in Sources */,
				C1FC8C95280D4A7900EE2FD8 /* HttpServiceTest.swift in Sources */,
				C1349258279AD9D700948C04 /* CoordinateConverterTest.swift in Sources */,
				C1FC8C8F280D400C00EE2FD8 /* NewsCacheTest.swift in Sources */,
			);
			runOnlyForDeploymentPostprocessing = 0;
		};
		C1349259279AD9D700948C04 /* Sources */ = {
			isa = PBXSourcesBuildPhase;
			buildActionMask = 2147483647;
			files = (
				C1FC8C93280D415600EE2FD8 /* HttpHelperTest.swift in Sources */,
				C1349264279AD9D700948C04 /* SpaceNewsAppUITestsLaunchTests.swift in Sources */,
				C1FC8C8D280D3DB200EE2FD8 /* ImageCacheTest.swift in Sources */,
				C1349262279AD9D700948C04 /* SpaceNewsAppUITests.swift in Sources */,
				C1FC8C90280D400C00EE2FD8 /* NewsCacheTest.swift in Sources */,
			);
			runOnlyForDeploymentPostprocessing = 0;
		};
/* End PBXSourcesBuildPhase section */

/* Begin PBXTargetDependency section */
		C1349255279AD9D700948C04 /* PBXTargetDependency */ = {
			isa = PBXTargetDependency;
			target = C1349239279AD9D600948C04 /* SpaceNewsApp */;
			targetProxy = C1349254279AD9D700948C04 /* PBXContainerItemProxy */;
		};
		C134925F279AD9D700948C04 /* PBXTargetDependency */ = {
			isa = PBXTargetDependency;
			target = C1349239279AD9D600948C04 /* SpaceNewsApp */;
			targetProxy = C134925E279AD9D700948C04 /* PBXContainerItemProxy */;
		};
/* End PBXTargetDependency section */

/* Begin PBXVariantGroup section */
		C134924B279AD9D700948C04 /* LaunchScreen.storyboard */ = {
			isa = PBXVariantGroup;
			children = (
				C134924C279AD9D700948C04 /* Base */,
			);
			name = LaunchScreen.storyboard;
			sourceTree = "<group>";
		};
/* End PBXVariantGroup section */

/* Begin XCBuildConfiguration section */
		C1349265279AD9D700948C04 /* Debug */ = {
			isa = XCBuildConfiguration;
			buildSettings = {
				ALWAYS_SEARCH_USER_PATHS = NO;
				CLANG_ANALYZER_NONNULL = YES;
				CLANG_ANALYZER_NUMBER_OBJECT_CONVERSION = YES_AGGRESSIVE;
				CLANG_CXX_LANGUAGE_STANDARD = "gnu++17";
				CLANG_CXX_LIBRARY = "libc++";
				CLANG_ENABLE_MODULES = YES;
				CLANG_ENABLE_OBJC_ARC = YES;
				CLANG_ENABLE_OBJC_WEAK = YES;
				CLANG_WARN_BLOCK_CAPTURE_AUTORELEASING = YES;
				CLANG_WARN_BOOL_CONVERSION = YES;
				CLANG_WARN_COMMA = YES;
				CLANG_WARN_CONSTANT_CONVERSION = YES;
				CLANG_WARN_DEPRECATED_OBJC_IMPLEMENTATIONS = YES;
				CLANG_WARN_DIRECT_OBJC_ISA_USAGE = YES_ERROR;
				CLANG_WARN_DOCUMENTATION_COMMENTS = YES;
				CLANG_WARN_EMPTY_BODY = YES;
				CLANG_WARN_ENUM_CONVERSION = YES;
				CLANG_WARN_INFINITE_RECURSION = YES;
				CLANG_WARN_INT_CONVERSION = YES;
				CLANG_WARN_NON_LITERAL_NULL_CONVERSION = YES;
				CLANG_WARN_OBJC_IMPLICIT_RETAIN_SELF = YES;
				CLANG_WARN_OBJC_LITERAL_CONVERSION = YES;
				CLANG_WARN_OBJC_ROOT_CLASS = YES_ERROR;
				CLANG_WARN_QUOTED_INCLUDE_IN_FRAMEWORK_HEADER = YES;
				CLANG_WARN_RANGE_LOOP_ANALYSIS = YES;
				CLANG_WARN_STRICT_PROTOTYPES = YES;
				CLANG_WARN_SUSPICIOUS_MOVE = YES;
				CLANG_WARN_UNGUARDED_AVAILABILITY = YES_AGGRESSIVE;
				CLANG_WARN_UNREACHABLE_CODE = YES;
				CLANG_WARN__DUPLICATE_METHOD_MATCH = YES;
				COPY_PHASE_STRIP = NO;
				DEBUG_INFORMATION_FORMAT = dwarf;
				ENABLE_STRICT_OBJC_MSGSEND = YES;
				ENABLE_TESTABILITY = YES;
				GCC_C_LANGUAGE_STANDARD = gnu11;
				GCC_DYNAMIC_NO_PIC = NO;
				GCC_NO_COMMON_BLOCKS = YES;
				GCC_OPTIMIZATION_LEVEL = 0;
				GCC_PREPROCESSOR_DEFINITIONS = (
					"DEBUG=1",
					"$(inherited)",
				);
				GCC_WARN_64_TO_32_BIT_CONVERSION = YES;
				GCC_WARN_ABOUT_RETURN_TYPE = YES_ERROR;
				GCC_WARN_UNDECLARED_SELECTOR = YES;
				GCC_WARN_UNINITIALIZED_AUTOS = YES_AGGRESSIVE;
				GCC_WARN_UNUSED_FUNCTION = YES;
				GCC_WARN_UNUSED_VARIABLE = YES;
				IPHONEOS_DEPLOYMENT_TARGET = 13.2;
				MTL_ENABLE_DEBUG_INFO = INCLUDE_SOURCE;
				MTL_FAST_MATH = YES;
				ONLY_ACTIVE_ARCH = YES;
				SDKROOT = iphoneos;
				SWIFT_ACTIVE_COMPILATION_CONDITIONS = DEBUG;
				SWIFT_OPTIMIZATION_LEVEL = "-Onone";
			};
			name = Debug;
		};
		C1349266279AD9D700948C04 /* Release */ = {
			isa = XCBuildConfiguration;
			buildSettings = {
				ALWAYS_SEARCH_USER_PATHS = NO;
				CLANG_ANALYZER_NONNULL = YES;
				CLANG_ANALYZER_NUMBER_OBJECT_CONVERSION = YES_AGGRESSIVE;
				CLANG_CXX_LANGUAGE_STANDARD = "gnu++17";
				CLANG_CXX_LIBRARY = "libc++";
				CLANG_ENABLE_MODULES = YES;
				CLANG_ENABLE_OBJC_ARC = YES;
				CLANG_ENABLE_OBJC_WEAK = YES;
				CLANG_WARN_BLOCK_CAPTURE_AUTORELEASING = YES;
				CLANG_WARN_BOOL_CONVERSION = YES;
				CLANG_WARN_COMMA = YES;
				CLANG_WARN_CONSTANT_CONVERSION = YES;
				CLANG_WARN_DEPRECATED_OBJC_IMPLEMENTATIONS = YES;
				CLANG_WARN_DIRECT_OBJC_ISA_USAGE = YES_ERROR;
				CLANG_WARN_DOCUMENTATION_COMMENTS = YES;
				CLANG_WARN_EMPTY_BODY = YES;
				CLANG_WARN_ENUM_CONVERSION = YES;
				CLANG_WARN_INFINITE_RECURSION = YES;
				CLANG_WARN_INT_CONVERSION = YES;
				CLANG_WARN_NON_LITERAL_NULL_CONVERSION = YES;
				CLANG_WARN_OBJC_IMPLICIT_RETAIN_SELF = YES;
				CLANG_WARN_OBJC_LITERAL_CONVERSION = YES;
				CLANG_WARN_OBJC_ROOT_CLASS = YES_ERROR;
				CLANG_WARN_QUOTED_INCLUDE_IN_FRAMEWORK_HEADER = YES;
				CLANG_WARN_RANGE_LOOP_ANALYSIS = YES;
				CLANG_WARN_STRICT_PROTOTYPES = YES;
				CLANG_WARN_SUSPICIOUS_MOVE = YES;
				CLANG_WARN_UNGUARDED_AVAILABILITY = YES_AGGRESSIVE;
				CLANG_WARN_UNREACHABLE_CODE = YES;
				CLANG_WARN__DUPLICATE_METHOD_MATCH = YES;
				COPY_PHASE_STRIP = NO;
				DEBUG_INFORMATION_FORMAT = "dwarf-with-dsym";
				ENABLE_NS_ASSERTIONS = NO;
				ENABLE_STRICT_OBJC_MSGSEND = YES;
				GCC_C_LANGUAGE_STANDARD = gnu11;
				GCC_NO_COMMON_BLOCKS = YES;
				GCC_WARN_64_TO_32_BIT_CONVERSION = YES;
				GCC_WARN_ABOUT_RETURN_TYPE = YES_ERROR;
				GCC_WARN_UNDECLARED_SELECTOR = YES;
				GCC_WARN_UNINITIALIZED_AUTOS = YES_AGGRESSIVE;
				GCC_WARN_UNUSED_FUNCTION = YES;
				GCC_WARN_UNUSED_VARIABLE = YES;
				IPHONEOS_DEPLOYMENT_TARGET = 13.2;
				MTL_ENABLE_DEBUG_INFO = NO;
				MTL_FAST_MATH = YES;
				SDKROOT = iphoneos;
				SWIFT_COMPILATION_MODE = wholemodule;
				SWIFT_OPTIMIZATION_LEVEL = "-O";
				VALIDATE_PRODUCT = YES;
			};
			name = Release;
		};
		C1349268279AD9D700948C04 /* Debug */ = {
			isa = XCBuildConfiguration;
			baseConfigurationReference = 6B13F049440F74065A85AAB0 /* Pods-SpaceNewsApp.debug.xcconfig */;
			buildSettings = {
				ASSETCATALOG_COMPILER_APPICON_NAME = AppIcon;
				ASSETCATALOG_COMPILER_GLOBAL_ACCENT_COLOR_NAME = AccentColor;
				CODE_SIGN_STYLE = Automatic;
				CURRENT_PROJECT_VERSION = 1;
				DEVELOPMENT_TEAM = R48XY78PWD;
				GENERATE_INFOPLIST_FILE = YES;
				INFOPLIST_FILE = SpaceNewsApp/Info.plist;
				INFOPLIST_KEY_UIApplicationSupportsIndirectInputEvents = YES;
				INFOPLIST_KEY_UILaunchStoryboardName = LaunchScreen;
				INFOPLIST_KEY_UISupportedInterfaceOrientations = UIInterfaceOrientationPortrait;
				INFOPLIST_KEY_UISupportedInterfaceOrientations_iPad = "UIInterfaceOrientationPortrait UIInterfaceOrientationPortraitUpsideDown UIInterfaceOrientationLandscapeLeft UIInterfaceOrientationLandscapeRight";
				INFOPLIST_KEY_UISupportedInterfaceOrientations_iPhone = "UIInterfaceOrientationPortrait UIInterfaceOrientationLandscapeLeft UIInterfaceOrientationLandscapeRight";
				IPHONEOS_DEPLOYMENT_TARGET = 13.2;
				LD_RUNPATH_SEARCH_PATHS = (
					"$(inherited)",
					"@executable_path/Frameworks",
				);
				MARKETING_VERSION = 1.0;
				PRODUCT_BUNDLE_IDENTIFIER = ltheresi.SpaceNewsApp;
				PRODUCT_NAME = "$(TARGET_NAME)";
				SWIFT_EMIT_LOC_STRINGS = YES;
				SWIFT_VERSION = 5.0;
				TARGETED_DEVICE_FAMILY = 1;
			};
			name = Debug;
		};
		C1349269279AD9D700948C04 /* Release */ = {
			isa = XCBuildConfiguration;
			baseConfigurationReference = ED6E67678E2017322D9BB17C /* Pods-SpaceNewsApp.release.xcconfig */;
			buildSettings = {
				ASSETCATALOG_COMPILER_APPICON_NAME = AppIcon;
				ASSETCATALOG_COMPILER_GLOBAL_ACCENT_COLOR_NAME = AccentColor;
				CODE_SIGN_STYLE = Automatic;
				CURRENT_PROJECT_VERSION = 1;
				DEVELOPMENT_TEAM = R48XY78PWD;
				GENERATE_INFOPLIST_FILE = YES;
				INFOPLIST_FILE = SpaceNewsApp/Info.plist;
				INFOPLIST_KEY_UIApplicationSupportsIndirectInputEvents = YES;
				INFOPLIST_KEY_UILaunchStoryboardName = LaunchScreen;
				INFOPLIST_KEY_UISupportedInterfaceOrientations = UIInterfaceOrientationPortrait;
				INFOPLIST_KEY_UISupportedInterfaceOrientations_iPad = "UIInterfaceOrientationPortrait UIInterfaceOrientationPortraitUpsideDown UIInterfaceOrientationLandscapeLeft UIInterfaceOrientationLandscapeRight";
				INFOPLIST_KEY_UISupportedInterfaceOrientations_iPhone = "UIInterfaceOrientationPortrait UIInterfaceOrientationLandscapeLeft UIInterfaceOrientationLandscapeRight";
				IPHONEOS_DEPLOYMENT_TARGET = 13.2;
				LD_RUNPATH_SEARCH_PATHS = (
					"$(inherited)",
					"@executable_path/Frameworks",
				);
				MARKETING_VERSION = 1.0;
				PRODUCT_BUNDLE_IDENTIFIER = ltheresi.SpaceNewsApp;
				PRODUCT_NAME = "$(TARGET_NAME)";
				SWIFT_EMIT_LOC_STRINGS = YES;
				SWIFT_VERSION = 5.0;
				TARGETED_DEVICE_FAMILY = 1;
			};
			name = Release;
		};
		C134926B279AD9D700948C04 /* Debug */ = {
			isa = XCBuildConfiguration;
			baseConfigurationReference = 94EB181804AEB8A0BA520A9C /* Pods-SpaceNewsAppTests.debug.xcconfig */;
			buildSettings = {
				ALWAYS_EMBED_SWIFT_STANDARD_LIBRARIES = YES;
				BUNDLE_LOADER = "$(TEST_HOST)";
				"CODE_SIGN_IDENTITY[sdk=macosx*]" = "Apple Development";
				CODE_SIGN_STYLE = Automatic;
				CURRENT_PROJECT_VERSION = 1;
				DEVELOPMENT_TEAM = R48XY78PWD;
				GENERATE_INFOPLIST_FILE = YES;
				IPHONEOS_DEPLOYMENT_TARGET = 13.2;
				MARKETING_VERSION = 1.0;
				PRODUCT_BUNDLE_IDENTIFIER = ltheresi.SpaceNewsAppTests;
				PRODUCT_NAME = "$(TARGET_NAME)";
				SWIFT_EMIT_LOC_STRINGS = NO;
				SWIFT_VERSION = 5.0;
				TARGETED_DEVICE_FAMILY = 1;
				TEST_HOST = "$(BUILT_PRODUCTS_DIR)/SpaceNewsApp.app/SpaceNewsApp";
			};
			name = Debug;
		};
		C134926C279AD9D700948C04 /* Release */ = {
			isa = XCBuildConfiguration;
			baseConfigurationReference = 67DA8C859FDAF301FB120C49 /* Pods-SpaceNewsAppTests.release.xcconfig */;
			buildSettings = {
				ALWAYS_EMBED_SWIFT_STANDARD_LIBRARIES = YES;
				BUNDLE_LOADER = "$(TEST_HOST)";
				"CODE_SIGN_IDENTITY[sdk=macosx*]" = "Apple Development";
				CODE_SIGN_STYLE = Automatic;
				CURRENT_PROJECT_VERSION = 1;
				DEVELOPMENT_TEAM = R48XY78PWD;
				GENERATE_INFOPLIST_FILE = YES;
				IPHONEOS_DEPLOYMENT_TARGET = 13.2;
				MARKETING_VERSION = 1.0;
				PRODUCT_BUNDLE_IDENTIFIER = ltheresi.SpaceNewsAppTests;
				PRODUCT_NAME = "$(TARGET_NAME)";
				SWIFT_EMIT_LOC_STRINGS = NO;
				SWIFT_VERSION = 5.0;
				TARGETED_DEVICE_FAMILY = 1;
				TEST_HOST = "$(BUILT_PRODUCTS_DIR)/SpaceNewsApp.app/SpaceNewsApp";
			};
			name = Release;
		};
		C134926E279AD9D700948C04 /* Debug */ = {
			isa = XCBuildConfiguration;
			baseConfigurationReference = 1B7097E977C9397AC50EEF96 /* Pods-SpaceNewsApp-SpaceNewsAppUITests.debug.xcconfig */;
			buildSettings = {
				ALWAYS_EMBED_SWIFT_STANDARD_LIBRARIES = YES;
				CODE_SIGN_STYLE = Automatic;
				CURRENT_PROJECT_VERSION = 1;
				DEVELOPMENT_TEAM = R48XY78PWD;
				GENERATE_INFOPLIST_FILE = YES;
				MARKETING_VERSION = 1.0;
				PRODUCT_BUNDLE_IDENTIFIER = ltheresi.SpaceNewsAppUITests;
				PRODUCT_NAME = "$(TARGET_NAME)";
				SWIFT_EMIT_LOC_STRINGS = NO;
				SWIFT_VERSION = 5.0;
				TARGETED_DEVICE_FAMILY = 1;
				TEST_TARGET_NAME = SpaceNewsApp;
			};
			name = Debug;
		};
		C134926F279AD9D700948C04 /* Release */ = {
			isa = XCBuildConfiguration;
			baseConfigurationReference = A48629C9D0FE03744A496B6C /* Pods-SpaceNewsApp-SpaceNewsAppUITests.release.xcconfig */;
			buildSettings = {
				ALWAYS_EMBED_SWIFT_STANDARD_LIBRARIES = YES;
				CODE_SIGN_STYLE = Automatic;
				CURRENT_PROJECT_VERSION = 1;
				DEVELOPMENT_TEAM = R48XY78PWD;
				GENERATE_INFOPLIST_FILE = YES;
				MARKETING_VERSION = 1.0;
				PRODUCT_BUNDLE_IDENTIFIER = ltheresi.SpaceNewsAppUITests;
				PRODUCT_NAME = "$(TARGET_NAME)";
				SWIFT_EMIT_LOC_STRINGS = NO;
				SWIFT_VERSION = 5.0;
				TARGETED_DEVICE_FAMILY = 1;
				TEST_TARGET_NAME = SpaceNewsApp;
			};
			name = Release;
		};
/* End XCBuildConfiguration section */

/* Begin XCConfigurationList section */
		C1349235279AD9D600948C04 /* Build configuration list for PBXProject "SpaceNewsApp" */ = {
			isa = XCConfigurationList;
			buildConfigurations = (
				C1349265279AD9D700948C04 /* Debug */,
				C1349266279AD9D700948C04 /* Release */,
			);
			defaultConfigurationIsVisible = 0;
			defaultConfigurationName = Release;
		};
		C1349267279AD9D700948C04 /* Build configuration list for PBXNativeTarget "SpaceNewsApp" */ = {
			isa = XCConfigurationList;
			buildConfigurations = (
				C1349268279AD9D700948C04 /* Debug */,
				C1349269279AD9D700948C04 /* Release */,
			);
			defaultConfigurationIsVisible = 0;
			defaultConfigurationName = Release;
		};
		C134926A279AD9D700948C04 /* Build configuration list for PBXNativeTarget "SpaceNewsAppTests" */ = {
			isa = XCConfigurationList;
			buildConfigurations = (
				C134926B279AD9D700948C04 /* Debug */,
				C134926C279AD9D700948C04 /* Release */,
			);
			defaultConfigurationIsVisible = 0;
			defaultConfigurationName = Release;
		};
		C134926D279AD9D700948C04 /* Build configuration list for PBXNativeTarget "SpaceNewsAppUITests" */ = {
			isa = XCConfigurationList;
			buildConfigurations = (
				C134926E279AD9D700948C04 /* Debug */,
				C134926F279AD9D700948C04 /* Release */,
			);
			defaultConfigurationIsVisible = 0;
			defaultConfigurationName = Release;
		};
/* End XCConfigurationList section */

/* Begin XCVersionGroup section */
		C1349246279AD9D600948C04 /* SpaceNewsApp.xcdatamodeld */ = {
			isa = XCVersionGroup;
			children = (
				C1349247279AD9D600948C04 /* SpaceNewsApp.xcdatamodel */,
			);
			currentVersion = C1349247279AD9D600948C04 /* SpaceNewsApp.xcdatamodel */;
			path = SpaceNewsApp.xcdatamodeld;
			sourceTree = "<group>";
			versionGroupType = wrapper.xcdatamodel;
		};
/* End XCVersionGroup section */
	};
	rootObject = C1349232279AD9D600948C04 /* Project object */;
}
